// !$*UTF8*$!
{
	archiveVersion = 1;
	classes = {
	};
	objectVersion = 46;
	objects = {

/* Begin PBXBuildFile section */
		07DA61681965E33100E97CC3 /* AppDelegate.swift in Sources */ = {isa = PBXBuildFile; fileRef = 07DA61671965E33100E97CC3 /* AppDelegate.swift */; };
		07DA616A1965E33100E97CC3 /* ViewController.swift in Sources */ = {isa = PBXBuildFile; fileRef = 07DA61691965E33100E97CC3 /* ViewController.swift */; };
		07DA616D1965E33100E97CC3 /* Main.storyboard in Resources */ = {isa = PBXBuildFile; fileRef = 07DA616B1965E33100E97CC3 /* Main.storyboard */; };
		07DA616F1965E33100E97CC3 /* Images.xcassets in Resources */ = {isa = PBXBuildFile; fileRef = 07DA616E1965E33100E97CC3 /* Images.xcassets */; };
		07DA618E1965E3A600E97CC3 /* CryptoCurrencyKit.h in Headers */ = {isa = PBXBuildFile; fileRef = 07DA618D1965E3A600E97CC3 /* CryptoCurrencyKit.h */; settings = {ATTRIBUTES = (Public, ); }; };
		07DA619E1965E3A600E97CC3 /* CryptoCurrencyKit.framework in Frameworks */ = {isa = PBXBuildFile; fileRef = 07DA61891965E3A600E97CC3 /* CryptoCurrencyKit.framework */; };
		07DA619F1965E3A600E97CC3 /* CryptoCurrencyKit.framework in Embed Frameworks */ = {isa = PBXBuildFile; fileRef = 07DA61891965E3A600E97CC3 /* CryptoCurrencyKit.framework */; settings = {ATTRIBUTES = (CodeSignOnCopy, ); }; };
		4C41798F1E1ADDA400D2D78A /* LaunchScreen.storyboard in Resources */ = {isa = PBXBuildFile; fileRef = 4C41798E1E1ADDA400D2D78A /* LaunchScreen.storyboard */; };
		6E39AD0A1EFBCC7C00CCD766 /* CryptoStocksCoordinator.swift in Sources */ = {isa = PBXBuildFile; fileRef = 6E39AD031EFBCC7C00CCD766 /* CryptoStocksCoordinator.swift */; };
		6E39AD0B1EFBCC7C00CCD766 /* CryptoStocksInteractor.swift in Sources */ = {isa = PBXBuildFile; fileRef = 6E39AD041EFBCC7C00CCD766 /* CryptoStocksInteractor.swift */; };
		6E39AD0C1EFBCC7C00CCD766 /* CryptoStocksModels.swift in Sources */ = {isa = PBXBuildFile; fileRef = 6E39AD051EFBCC7C00CCD766 /* CryptoStocksModels.swift */; };
		6E39AD0D1EFBCC7C00CCD766 /* CryptoStocksPresenter.swift in Sources */ = {isa = PBXBuildFile; fileRef = 6E39AD061EFBCC7C00CCD766 /* CryptoStocksPresenter.swift */; };
		6E39AD0E1EFBCC7C00CCD766 /* CryptoStocksProtocols.swift in Sources */ = {isa = PBXBuildFile; fileRef = 6E39AD071EFBCC7C00CCD766 /* CryptoStocksProtocols.swift */; };
		6E39AD0F1EFBCC7C00CCD766 /* CryptoStocksViewController.swift in Sources */ = {isa = PBXBuildFile; fileRef = 6E39AD081EFBCC7C00CCD766 /* CryptoStocksViewController.swift */; };
		6E39AD101EFBCC7C00CCD766 /* CryptoStocksViewController.xib in Resources */ = {isa = PBXBuildFile; fileRef = 6E39AD091EFBCC7C00CCD766 /* CryptoStocksViewController.xib */; };
		6E3D08A81EF2B4F600BFC2A5 /* ethereum.gif in Resources */ = {isa = PBXBuildFile; fileRef = 6E3D08A71EF2B4F600BFC2A5 /* ethereum.gif */; };
		6E3D08AA1EF2B6A400BFC2A5 /* ethereumDown.png in Resources */ = {isa = PBXBuildFile; fileRef = 6E3D08A91EF2B6A400BFC2A5 /* ethereumDown.png */; };
		6E3D08AC1EF2C47700BFC2A5 /* btcdrop.png in Resources */ = {isa = PBXBuildFile; fileRef = 6E3D08AB1EF2C47700BFC2A5 /* btcdrop.png */; };
		6E3D08AE1EF2CAF600BFC2A5 /* bitcoinCurrency.swift in Sources */ = {isa = PBXBuildFile; fileRef = 6E3D08AD1EF2CAF600BFC2A5 /* bitcoinCurrency.swift */; };
		6E6068F11EDC25B30069FF50 /* NotificationCenter.framework in Frameworks */ = {isa = PBXBuildFile; fileRef = 8331C02C19677E9000FBA23E /* NotificationCenter.framework */; };
		6E6068F41EDC25B30069FF50 /* TodayViewController.swift in Sources */ = {isa = PBXBuildFile; fileRef = 6E6068F31EDC25B30069FF50 /* TodayViewController.swift */; };
		6E6068F71EDC25B30069FF50 /* MainInterface.storyboard in Resources */ = {isa = PBXBuildFile; fileRef = 6E6068F51EDC25B30069FF50 /* MainInterface.storyboard */; };
		6E6068FB1EDC25B30069FF50 /* BTC Widget.appex in Embed App Extensions */ = {isa = PBXBuildFile; fileRef = 6E6068F01EDC25B30069FF50 /* BTC Widget.appex */; settings = {ATTRIBUTES = (RemoveHeadersOnCopy, ); }; };
		6E6068FF1EDC25BE0069FF50 /* CryptoCurrencyKit.framework in Frameworks */ = {isa = PBXBuildFile; fileRef = 07DA61891965E3A600E97CC3 /* CryptoCurrencyKit.framework */; };
		6E6069001EDC768F0069FF50 /* Images.xcassets in Resources */ = {isa = PBXBuildFile; fileRef = 07DA616E1965E33100E97CC3 /* Images.xcassets */; };
		6E82FAA21EE1984F0045FB7A /* EthereumCurrency.swift in Sources */ = {isa = PBXBuildFile; fileRef = 6E82FAA11EE1984F0045FB7A /* EthereumCurrency.swift */; };
		6E82FAA41EE1BA540045FB7A /* bitcoingif.gif in Resources */ = {isa = PBXBuildFile; fileRef = 6E82FAA31EE1BA540045FB7A /* bitcoingif.gif */; };
		6E82FAAB1EE6B7920045FB7A /* UserNotifications.framework in Frameworks */ = {isa = PBXBuildFile; fileRef = 6E82FAAA1EE6B7920045FB7A /* UserNotifications.framework */; };
		6E82FAAD1EE6B7920045FB7A /* UserNotificationsUI.framework in Frameworks */ = {isa = PBXBuildFile; fileRef = 6E82FAAC1EE6B7920045FB7A /* UserNotificationsUI.framework */; };
		6E82FAB01EE6B7920045FB7A /* NotificationViewController.swift in Sources */ = {isa = PBXBuildFile; fileRef = 6E82FAAF1EE6B7920045FB7A /* NotificationViewController.swift */; };
		6E82FAB31EE6B7920045FB7A /* MainInterface.storyboard in Resources */ = {isa = PBXBuildFile; fileRef = 6E82FAB11EE6B7920045FB7A /* MainInterface.storyboard */; };
		6E82FAB71EE6B7920045FB7A /* BitcoinContentExtension.appex in Embed App Extensions */ = {isa = PBXBuildFile; fileRef = 6E82FAA91EE6B7920045FB7A /* BitcoinContentExtension.appex */; settings = {ATTRIBUTES = (RemoveHeadersOnCopy, ); }; };
		6E88476C1EDC951A001CC971 /* Alamofire.framework in Frameworks */ = {isa = PBXBuildFile; fileRef = 6E88476B1EDC951A001CC971 /* Alamofire.framework */; };
		6E88476E1EDC951C001CC971 /* Cashier.framework in Frameworks */ = {isa = PBXBuildFile; fileRef = 6E88476D1EDC951C001CC971 /* Cashier.framework */; };
		6E8847701EDC9520001CC971 /* Serpent.framework in Frameworks */ = {isa = PBXBuildFile; fileRef = 6E88476F1EDC9520001CC971 /* Serpent.framework */; };
		6E8847721EDC96CB001CC971 /* Alamofire.framework in Frameworks */ = {isa = PBXBuildFile; fileRef = 6E88476B1EDC951A001CC971 /* Alamofire.framework */; };
		6E8847731EDC96CE001CC971 /* Cashier.framework in Frameworks */ = {isa = PBXBuildFile; fileRef = 6E88476D1EDC951C001CC971 /* Cashier.framework */; };
		6E8847741EDC96D3001CC971 /* Serpent.framework in Frameworks */ = {isa = PBXBuildFile; fileRef = 6E88476F1EDC9520001CC971 /* Serpent.framework */; };
		6E8847781EDCA1F6001CC971 /* Coordinator.swift in Sources */ = {isa = PBXBuildFile; fileRef = 6E8847771EDCA1F6001CC971 /* Coordinator.swift */; };
		6E88477A1EDCA209001CC971 /* AppCoordinator.swift in Sources */ = {isa = PBXBuildFile; fileRef = 6E8847791EDCA209001CC971 /* AppCoordinator.swift */; };
		6E88477C1EDD63AD001CC971 /* CryptoCurrencies.swift in Sources */ = {isa = PBXBuildFile; fileRef = 6E88477B1EDD63AD001CC971 /* CryptoCurrencies.swift */; };
		6E8847951EDD6D21001CC971 /* ServerRepository.swift in Sources */ = {isa = PBXBuildFile; fileRef = 6E8847941EDD6D21001CC971 /* ServerRepository.swift */; };
		6E8847971EDD6E58001CC971 /* Repository.swift in Sources */ = {isa = PBXBuildFile; fileRef = 6E8847961EDD6E58001CC971 /* Repository.swift */; };
		6E88479F1EDEC0E7001CC971 /* NotificationCenter.framework in Frameworks */ = {isa = PBXBuildFile; fileRef = 8331C02C19677E9000FBA23E /* NotificationCenter.framework */; };
		6E8847A21EDEC0E8001CC971 /* TodayEthViewController.swift in Sources */ = {isa = PBXBuildFile; fileRef = 6E8847A11EDEC0E8001CC971 /* TodayEthViewController.swift */; };
		6E8847A51EDEC0E8001CC971 /* MainInterface.storyboard in Resources */ = {isa = PBXBuildFile; fileRef = 6E8847A31EDEC0E8001CC971 /* MainInterface.storyboard */; };
		6E8847A91EDEC0E8001CC971 /* ETH Widget.appex in Embed App Extensions */ = {isa = PBXBuildFile; fileRef = 6E88479E1EDEC0E7001CC971 /* ETH Widget.appex */; settings = {ATTRIBUTES = (RemoveHeadersOnCopy, ); }; };
		6E8847AD1EDEC4E8001CC971 /* Alamofire.framework in Frameworks */ = {isa = PBXBuildFile; fileRef = 6E88476B1EDC951A001CC971 /* Alamofire.framework */; };
		6E8847AE1EDEC4EA001CC971 /* Cashier.framework in Frameworks */ = {isa = PBXBuildFile; fileRef = 6E88476D1EDC951C001CC971 /* Cashier.framework */; };
		6E8847AF1EDEC4EE001CC971 /* Serpent.framework in Frameworks */ = {isa = PBXBuildFile; fileRef = 6E88476F1EDC9520001CC971 /* Serpent.framework */; };
		6E8847B01EDEC675001CC971 /* CryptoCurrencyKit.framework in Frameworks */ = {isa = PBXBuildFile; fileRef = 07DA61891965E3A600E97CC3 /* CryptoCurrencyKit.framework */; };
		6E8847B21EDECBDB001CC971 /* ExchangeRate.swift in Sources */ = {isa = PBXBuildFile; fileRef = 6E8847B11EDECBDB001CC971 /* ExchangeRate.swift */; };
		6E8847B41EDECFBF001CC971 /* CurrencyData.swift in Sources */ = {isa = PBXBuildFile; fileRef = 6E8847B31EDECFBF001CC971 /* CurrencyData.swift */; };
		6E8847B51EDEDF47001CC971 /* ExchangeRate.swift in Sources */ = {isa = PBXBuildFile; fileRef = 6E8847B11EDECBDB001CC971 /* ExchangeRate.swift */; };
		6E8847B71EDEDF4E001CC971 /* ExchangeRate.swift in Sources */ = {isa = PBXBuildFile; fileRef = 6E8847B11EDECBDB001CC971 /* ExchangeRate.swift */; };
		6E8847B81EDEDF6D001CC971 /* CurrencyData.swift in Sources */ = {isa = PBXBuildFile; fileRef = 6E8847B31EDECFBF001CC971 /* CurrencyData.swift */; };
		6E8847B91EDEDF6E001CC971 /* CurrencyData.swift in Sources */ = {isa = PBXBuildFile; fileRef = 6E8847B31EDECFBF001CC971 /* CurrencyData.swift */; };
		6E8847C21EDF044C001CC971 /* EthereumCoordinator.swift in Sources */ = {isa = PBXBuildFile; fileRef = 6E8847BB1EDF044C001CC971 /* EthereumCoordinator.swift */; };
		6E8847C31EDF044C001CC971 /* EthereumInteractor.swift in Sources */ = {isa = PBXBuildFile; fileRef = 6E8847BC1EDF044C001CC971 /* EthereumInteractor.swift */; };
		6E8847C41EDF044C001CC971 /* EthereumModels.swift in Sources */ = {isa = PBXBuildFile; fileRef = 6E8847BD1EDF044C001CC971 /* EthereumModels.swift */; };
		6E8847C51EDF044C001CC971 /* EthereumPresenter.swift in Sources */ = {isa = PBXBuildFile; fileRef = 6E8847BE1EDF044C001CC971 /* EthereumPresenter.swift */; };
		6E8847C61EDF044C001CC971 /* EthereumProtocols.swift in Sources */ = {isa = PBXBuildFile; fileRef = 6E8847BF1EDF044C001CC971 /* EthereumProtocols.swift */; };
		6E8847C81EDF044C001CC971 /* EthereumViewController.xib in Resources */ = {isa = PBXBuildFile; fileRef = 6E8847C11EDF044C001CC971 /* EthereumViewController.xib */; };
		6E8847CA1EDF079E001CC971 /* TempEthereumViewController.swift in Sources */ = {isa = PBXBuildFile; fileRef = 6E8847C91EDF079E001CC971 /* TempEthereumViewController.swift */; };
		6E8847CC1EDF0B51001CC971 /* EthereumPrice.swift in Sources */ = {isa = PBXBuildFile; fileRef = 6E8847CB1EDF0B51001CC971 /* EthereumPrice.swift */; };
		6E8847CE1EDF0DEC001CC971 /* EthereumService.swift in Sources */ = {isa = PBXBuildFile; fileRef = 6E8847CD1EDF0DEC001CC971 /* EthereumService.swift */; };
		6E8CF7FD1EFA670700A7DF7C /* ProfileCoordinator.swift in Sources */ = {isa = PBXBuildFile; fileRef = 6E8CF7F61EFA670700A7DF7C /* ProfileCoordinator.swift */; };
		6E8CF7FE1EFA670700A7DF7C /* ProfileInteractor.swift in Sources */ = {isa = PBXBuildFile; fileRef = 6E8CF7F71EFA670700A7DF7C /* ProfileInteractor.swift */; };
		6E8CF7FF1EFA670700A7DF7C /* ProfileModels.swift in Sources */ = {isa = PBXBuildFile; fileRef = 6E8CF7F81EFA670700A7DF7C /* ProfileModels.swift */; };
		6E8CF8001EFA670700A7DF7C /* ProfilePresenter.swift in Sources */ = {isa = PBXBuildFile; fileRef = 6E8CF7F91EFA670700A7DF7C /* ProfilePresenter.swift */; };
		6E8CF8011EFA670700A7DF7C /* ProfileProtocols.swift in Sources */ = {isa = PBXBuildFile; fileRef = 6E8CF7FA1EFA670700A7DF7C /* ProfileProtocols.swift */; };
		6E8CF8021EFA670700A7DF7C /* ProfileViewController.swift in Sources */ = {isa = PBXBuildFile; fileRef = 6E8CF7FB1EFA670700A7DF7C /* ProfileViewController.swift */; };
		6E8CF8031EFA670700A7DF7C /* ProfileViewController.xib in Resources */ = {isa = PBXBuildFile; fileRef = 6E8CF7FC1EFA670700A7DF7C /* ProfileViewController.xib */; };
		6EBB38141EFA7622008783A6 /* ApiCryptoCurrencies.swift in Sources */ = {isa = PBXBuildFile; fileRef = 6EBB38131EFA7622008783A6 /* ApiCryptoCurrencies.swift */; };
		6EBB38161EFA78F5008783A6 /* Cell.swift in Sources */ = {isa = PBXBuildFile; fileRef = 6EBB38151EFA78F5008783A6 /* Cell.swift */; };
		6EBB38181EFA7946008783A6 /* Data.swift in Sources */ = {isa = PBXBuildFile; fileRef = 6EBB38171EFA7946008783A6 /* Data.swift */; };
		6EBB381C1EFA7BEC008783A6 /* ApiResponseCurrency.swift in Sources */ = {isa = PBXBuildFile; fileRef = 6EBB381B1EFA7BEC008783A6 /* ApiResponseCurrency.swift */; };
		6EBB381E1EFA7C41008783A6 /* Feed.swift in Sources */ = {isa = PBXBuildFile; fileRef = 6EBB381D1EFA7C41008783A6 /* Feed.swift */; };
		6EBB38201EFA7CF5008783A6 /* RepositoryAPI.swift in Sources */ = {isa = PBXBuildFile; fileRef = 6EBB381F1EFA7CF5008783A6 /* RepositoryAPI.swift */; };
		6EBB38221EFA7FF0008783A6 /* ConnectionManager.swift in Sources */ = {isa = PBXBuildFile; fileRef = 6EBB38211EFA7FF0008783A6 /* ConnectionManager.swift */; };
		831B736E198E02CC006A5A5A /* CurrencyDataViewController.swift in Sources */ = {isa = PBXBuildFile; fileRef = 831B736D198E02CC006A5A5A /* CurrencyDataViewController.swift */; };
		8331BFF919671DD400FBA23E /* JBLineChartView.m in Sources */ = {isa = PBXBuildFile; fileRef = 8331BFF319671DD400FBA23E /* JBLineChartView.m */; };
		8331BFFA19671DD400FBA23E /* JBLineChartView.h in Headers */ = {isa = PBXBuildFile; fileRef = 8331BFF419671DD400FBA23E /* JBLineChartView.h */; settings = {ATTRIBUTES = (Public, ); }; };
		8331BFFB19671DD400FBA23E /* JBChartView.m in Sources */ = {isa = PBXBuildFile; fileRef = 8331BFF519671DD400FBA23E /* JBChartView.m */; };
		8331BFFC19671DD400FBA23E /* JBChartView.h in Headers */ = {isa = PBXBuildFile; fileRef = 8331BFF619671DD400FBA23E /* JBChartView.h */; settings = {ATTRIBUTES = (Public, ); }; };
		8331BFFD19671DD400FBA23E /* JBBarChartView.m in Sources */ = {isa = PBXBuildFile; fileRef = 8331BFF719671DD400FBA23E /* JBBarChartView.m */; };
		8331BFFE19671DD400FBA23E /* JBBarChartView.h in Headers */ = {isa = PBXBuildFile; fileRef = 8331BFF819671DD400FBA23E /* JBBarChartView.h */; settings = {ATTRIBUTES = (Public, ); }; };
		83E8FF9C196657C1005F928D /* BitCoinPrice.swift in Sources */ = {isa = PBXBuildFile; fileRef = 83E8FF97196657C1005F928D /* BitCoinPrice.swift */; };
		83E8FF9D196657C1005F928D /* BitCoinService.swift in Sources */ = {isa = PBXBuildFile; fileRef = 83E8FF98196657C1005F928D /* BitCoinService.swift */; };
		83E8FF9E196657C1005F928D /* BitCoinStats.swift in Sources */ = {isa = PBXBuildFile; fileRef = 83E8FF99196657C1005F928D /* BitCoinStats.swift */; };
		83E8FFA0196657C1005F928D /* SwiftyJSON.swift in Sources */ = {isa = PBXBuildFile; fileRef = 83E8FF9B196657C1005F928D /* SwiftyJSON.swift */; };
/* End PBXBuildFile section */

/* Begin PBXContainerItemProxy section */
		07DA619C1965E3A600E97CC3 /* PBXContainerItemProxy */ = {
			isa = PBXContainerItemProxy;
			containerPortal = 07DA615A1965E33100E97CC3 /* Project object */;
			proxyType = 1;
			remoteGlobalIDString = 07DA61881965E3A600E97CC3;
			remoteInfo = CryptoCurrencyKit;
		};
		07DA61A01965E3A600E97CC3 /* PBXContainerItemProxy */ = {
			isa = PBXContainerItemProxy;
			containerPortal = 07DA615A1965E33100E97CC3 /* Project object */;
			proxyType = 1;
			remoteGlobalIDString = 07DA61881965E3A600E97CC3;
			remoteInfo = CryptoCurrencyKit;
		};
		6E6068F91EDC25B30069FF50 /* PBXContainerItemProxy */ = {
			isa = PBXContainerItemProxy;
			containerPortal = 07DA615A1965E33100E97CC3 /* Project object */;
			proxyType = 1;
			remoteGlobalIDString = 6E6068EF1EDC25B30069FF50;
			remoteInfo = "BTC Widget";
		};
		6E82FAB51EE6B7920045FB7A /* PBXContainerItemProxy */ = {
			isa = PBXContainerItemProxy;
			containerPortal = 07DA615A1965E33100E97CC3 /* Project object */;
			proxyType = 1;
			remoteGlobalIDString = 6E82FAA81EE6B7920045FB7A;
			remoteInfo = BitcoinContentExtension;
		};
		6E8847A71EDEC0E8001CC971 /* PBXContainerItemProxy */ = {
			isa = PBXContainerItemProxy;
			containerPortal = 07DA615A1965E33100E97CC3 /* Project object */;
			proxyType = 1;
			remoteGlobalIDString = 6E88479D1EDEC0E7001CC971;
			remoteInfo = "ETH Widget";
		};
/* End PBXContainerItemProxy section */

/* Begin PBXCopyFilesBuildPhase section */
		07DA61A71965E3A600E97CC3 /* Embed Frameworks */ = {
			isa = PBXCopyFilesBuildPhase;
			buildActionMask = 2147483647;
			dstPath = "";
			dstSubfolderSpec = 10;
			files = (
				07DA619F1965E3A600E97CC3 /* CryptoCurrencyKit.framework in Embed Frameworks */,
			);
			name = "Embed Frameworks";
			runOnlyForDeploymentPostprocessing = 0;
		};
		8331C03D19677E9000FBA23E /* Embed App Extensions */ = {
			isa = PBXCopyFilesBuildPhase;
			buildActionMask = 2147483647;
			dstPath = "";
			dstSubfolderSpec = 13;
			files = (
				6E6068FB1EDC25B30069FF50 /* BTC Widget.appex in Embed App Extensions */,
				6E82FAB71EE6B7920045FB7A /* BitcoinContentExtension.appex in Embed App Extensions */,
				6E8847A91EDEC0E8001CC971 /* ETH Widget.appex in Embed App Extensions */,
			);
			name = "Embed App Extensions";
			runOnlyForDeploymentPostprocessing = 0;
		};
/* End PBXCopyFilesBuildPhase section */

/* Begin PBXFileReference section */
		07DA61621965E33100E97CC3 /* CryptoNiteIO.app */ = {isa = PBXFileReference; explicitFileType = wrapper.application; includeInIndex = 0; path = CryptoNiteIO.app; sourceTree = BUILT_PRODUCTS_DIR; };
		07DA61661965E33100E97CC3 /* Info.plist */ = {isa = PBXFileReference; lastKnownFileType = text.plist.xml; path = Info.plist; sourceTree = "<group>"; };
		07DA61671965E33100E97CC3 /* AppDelegate.swift */ = {isa = PBXFileReference; lastKnownFileType = sourcecode.swift; path = AppDelegate.swift; sourceTree = "<group>"; };
		07DA61691965E33100E97CC3 /* ViewController.swift */ = {isa = PBXFileReference; lastKnownFileType = sourcecode.swift; path = ViewController.swift; sourceTree = "<group>"; };
		07DA616C1965E33100E97CC3 /* Base */ = {isa = PBXFileReference; lastKnownFileType = file.storyboard; name = Base; path = Base.lproj/Main.storyboard; sourceTree = "<group>"; };
		07DA616E1965E33100E97CC3 /* Images.xcassets */ = {isa = PBXFileReference; lastKnownFileType = folder.assetcatalog; path = Images.xcassets; sourceTree = "<group>"; };
		07DA61891965E3A600E97CC3 /* CryptoCurrencyKit.framework */ = {isa = PBXFileReference; explicitFileType = wrapper.framework; includeInIndex = 0; path = CryptoCurrencyKit.framework; sourceTree = BUILT_PRODUCTS_DIR; };
		07DA618C1965E3A600E97CC3 /* Info.plist */ = {isa = PBXFileReference; lastKnownFileType = text.plist.xml; path = Info.plist; sourceTree = "<group>"; };
		07DA618D1965E3A600E97CC3 /* CryptoCurrencyKit.h */ = {isa = PBXFileReference; lastKnownFileType = sourcecode.c.h; path = CryptoCurrencyKit.h; sourceTree = "<group>"; };
		4C41798E1E1ADDA400D2D78A /* LaunchScreen.storyboard */ = {isa = PBXFileReference; fileEncoding = 4; lastKnownFileType = file.storyboard; path = LaunchScreen.storyboard; sourceTree = "<group>"; };
		6E39AD031EFBCC7C00CCD766 /* CryptoStocksCoordinator.swift */ = {isa = PBXFileReference; fileEncoding = 4; lastKnownFileType = sourcecode.swift; path = CryptoStocksCoordinator.swift; sourceTree = "<group>"; };
		6E39AD041EFBCC7C00CCD766 /* CryptoStocksInteractor.swift */ = {isa = PBXFileReference; fileEncoding = 4; lastKnownFileType = sourcecode.swift; path = CryptoStocksInteractor.swift; sourceTree = "<group>"; };
		6E39AD051EFBCC7C00CCD766 /* CryptoStocksModels.swift */ = {isa = PBXFileReference; fileEncoding = 4; lastKnownFileType = sourcecode.swift; path = CryptoStocksModels.swift; sourceTree = "<group>"; };
		6E39AD061EFBCC7C00CCD766 /* CryptoStocksPresenter.swift */ = {isa = PBXFileReference; fileEncoding = 4; lastKnownFileType = sourcecode.swift; path = CryptoStocksPresenter.swift; sourceTree = "<group>"; };
		6E39AD071EFBCC7C00CCD766 /* CryptoStocksProtocols.swift */ = {isa = PBXFileReference; fileEncoding = 4; lastKnownFileType = sourcecode.swift; path = CryptoStocksProtocols.swift; sourceTree = "<group>"; };
		6E39AD081EFBCC7C00CCD766 /* CryptoStocksViewController.swift */ = {isa = PBXFileReference; fileEncoding = 4; lastKnownFileType = sourcecode.swift; path = CryptoStocksViewController.swift; sourceTree = "<group>"; };
		6E39AD091EFBCC7C00CCD766 /* CryptoStocksViewController.xib */ = {isa = PBXFileReference; fileEncoding = 4; lastKnownFileType = file.xib; path = CryptoStocksViewController.xib; sourceTree = "<group>"; };
		6E3D08A71EF2B4F600BFC2A5 /* ethereum.gif */ = {isa = PBXFileReference; lastKnownFileType = image.gif; path = ethereum.gif; sourceTree = "<group>"; };
		6E3D08A91EF2B6A400BFC2A5 /* ethereumDown.png */ = {isa = PBXFileReference; lastKnownFileType = image.png; path = ethereumDown.png; sourceTree = "<group>"; };
		6E3D08AB1EF2C47700BFC2A5 /* btcdrop.png */ = {isa = PBXFileReference; lastKnownFileType = image.png; path = btcdrop.png; sourceTree = "<group>"; };
		6E3D08AD1EF2CAF600BFC2A5 /* bitcoinCurrency.swift */ = {isa = PBXFileReference; fileEncoding = 4; lastKnownFileType = sourcecode.swift; path = bitcoinCurrency.swift; sourceTree = "<group>"; };
		6E6068F01EDC25B30069FF50 /* BTC Widget.appex */ = {isa = PBXFileReference; explicitFileType = "wrapper.app-extension"; includeInIndex = 0; path = "BTC Widget.appex"; sourceTree = BUILT_PRODUCTS_DIR; };
		6E6068F31EDC25B30069FF50 /* TodayViewController.swift */ = {isa = PBXFileReference; lastKnownFileType = sourcecode.swift; path = TodayViewController.swift; sourceTree = "<group>"; };
		6E6068F61EDC25B30069FF50 /* Base */ = {isa = PBXFileReference; lastKnownFileType = file.storyboard; name = Base; path = Base.lproj/MainInterface.storyboard; sourceTree = "<group>"; };
		6E6068F81EDC25B30069FF50 /* Info.plist */ = {isa = PBXFileReference; lastKnownFileType = text.plist.xml; path = Info.plist; sourceTree = "<group>"; };
		6E82FAA11EE1984F0045FB7A /* EthereumCurrency.swift */ = {isa = PBXFileReference; fileEncoding = 4; lastKnownFileType = sourcecode.swift; path = EthereumCurrency.swift; sourceTree = "<group>"; };
		6E82FAA31EE1BA540045FB7A /* bitcoingif.gif */ = {isa = PBXFileReference; lastKnownFileType = image.gif; path = bitcoingif.gif; sourceTree = "<group>"; };
		6E82FAA91EE6B7920045FB7A /* BitcoinContentExtension.appex */ = {isa = PBXFileReference; explicitFileType = "wrapper.app-extension"; includeInIndex = 0; path = BitcoinContentExtension.appex; sourceTree = BUILT_PRODUCTS_DIR; };
		6E82FAAA1EE6B7920045FB7A /* UserNotifications.framework */ = {isa = PBXFileReference; lastKnownFileType = wrapper.framework; name = UserNotifications.framework; path = System/Library/Frameworks/UserNotifications.framework; sourceTree = SDKROOT; };
		6E82FAAC1EE6B7920045FB7A /* UserNotificationsUI.framework */ = {isa = PBXFileReference; lastKnownFileType = wrapper.framework; name = UserNotificationsUI.framework; path = System/Library/Frameworks/UserNotificationsUI.framework; sourceTree = SDKROOT; };
		6E82FAAF1EE6B7920045FB7A /* NotificationViewController.swift */ = {isa = PBXFileReference; lastKnownFileType = sourcecode.swift; path = NotificationViewController.swift; sourceTree = "<group>"; };
		6E82FAB21EE6B7920045FB7A /* Base */ = {isa = PBXFileReference; lastKnownFileType = file.storyboard; name = Base; path = Base.lproj/MainInterface.storyboard; sourceTree = "<group>"; };
		6E82FAB41EE6B7920045FB7A /* Info.plist */ = {isa = PBXFileReference; lastKnownFileType = text.plist.xml; path = Info.plist; sourceTree = "<group>"; };
		6E88476B1EDC951A001CC971 /* Alamofire.framework */ = {isa = PBXFileReference; lastKnownFileType = wrapper.framework; name = Alamofire.framework; path = Carthage/Build/iOS/Alamofire.framework; sourceTree = "<group>"; };
		6E88476D1EDC951C001CC971 /* Cashier.framework */ = {isa = PBXFileReference; lastKnownFileType = wrapper.framework; name = Cashier.framework; path = Carthage/Build/iOS/Cashier.framework; sourceTree = "<group>"; };
		6E88476F1EDC9520001CC971 /* Serpent.framework */ = {isa = PBXFileReference; lastKnownFileType = wrapper.framework; name = Serpent.framework; path = Carthage/Build/iOS/Serpent.framework; sourceTree = "<group>"; };
		6E8847771EDCA1F6001CC971 /* Coordinator.swift */ = {isa = PBXFileReference; fileEncoding = 4; lastKnownFileType = sourcecode.swift; path = Coordinator.swift; sourceTree = "<group>"; };
		6E8847791EDCA209001CC971 /* AppCoordinator.swift */ = {isa = PBXFileReference; fileEncoding = 4; lastKnownFileType = sourcecode.swift; path = AppCoordinator.swift; sourceTree = "<group>"; };
		6E88477B1EDD63AD001CC971 /* CryptoCurrencies.swift */ = {isa = PBXFileReference; fileEncoding = 4; lastKnownFileType = sourcecode.swift; path = CryptoCurrencies.swift; sourceTree = "<group>"; };
		6E8847941EDD6D21001CC971 /* ServerRepository.swift */ = {isa = PBXFileReference; fileEncoding = 4; lastKnownFileType = sourcecode.swift; path = ServerRepository.swift; sourceTree = "<group>"; };
		6E8847961EDD6E58001CC971 /* Repository.swift */ = {isa = PBXFileReference; fileEncoding = 4; lastKnownFileType = sourcecode.swift; path = Repository.swift; sourceTree = "<group>"; };
		6E88479E1EDEC0E7001CC971 /* ETH Widget.appex */ = {isa = PBXFileReference; explicitFileType = "wrapper.app-extension"; includeInIndex = 0; path = "ETH Widget.appex"; sourceTree = BUILT_PRODUCTS_DIR; };
		6E8847A11EDEC0E8001CC971 /* TodayEthViewController.swift */ = {isa = PBXFileReference; lastKnownFileType = sourcecode.swift; path = TodayEthViewController.swift; sourceTree = "<group>"; };
		6E8847A41EDEC0E8001CC971 /* Base */ = {isa = PBXFileReference; lastKnownFileType = file.storyboard; name = Base; path = Base.lproj/MainInterface.storyboard; sourceTree = "<group>"; };
		6E8847A61EDEC0E8001CC971 /* Info.plist */ = {isa = PBXFileReference; lastKnownFileType = text.plist.xml; path = Info.plist; sourceTree = "<group>"; };
		6E8847B11EDECBDB001CC971 /* ExchangeRate.swift */ = {isa = PBXFileReference; fileEncoding = 4; lastKnownFileType = sourcecode.swift; path = ExchangeRate.swift; sourceTree = "<group>"; };
		6E8847B31EDECFBF001CC971 /* CurrencyData.swift */ = {isa = PBXFileReference; fileEncoding = 4; lastKnownFileType = sourcecode.swift; path = CurrencyData.swift; sourceTree = "<group>"; };
		6E8847BB1EDF044C001CC971 /* EthereumCoordinator.swift */ = {isa = PBXFileReference; fileEncoding = 4; lastKnownFileType = sourcecode.swift; path = EthereumCoordinator.swift; sourceTree = "<group>"; };
		6E8847BC1EDF044C001CC971 /* EthereumInteractor.swift */ = {isa = PBXFileReference; fileEncoding = 4; lastKnownFileType = sourcecode.swift; path = EthereumInteractor.swift; sourceTree = "<group>"; };
		6E8847BD1EDF044C001CC971 /* EthereumModels.swift */ = {isa = PBXFileReference; fileEncoding = 4; lastKnownFileType = sourcecode.swift; path = EthereumModels.swift; sourceTree = "<group>"; };
		6E8847BE1EDF044C001CC971 /* EthereumPresenter.swift */ = {isa = PBXFileReference; fileEncoding = 4; lastKnownFileType = sourcecode.swift; path = EthereumPresenter.swift; sourceTree = "<group>"; };
		6E8847BF1EDF044C001CC971 /* EthereumProtocols.swift */ = {isa = PBXFileReference; fileEncoding = 4; lastKnownFileType = sourcecode.swift; path = EthereumProtocols.swift; sourceTree = "<group>"; };
		6E8847C11EDF044C001CC971 /* EthereumViewController.xib */ = {isa = PBXFileReference; fileEncoding = 4; lastKnownFileType = file.xib; path = EthereumViewController.xib; sourceTree = "<group>"; };
		6E8847C91EDF079E001CC971 /* TempEthereumViewController.swift */ = {isa = PBXFileReference; fileEncoding = 4; lastKnownFileType = sourcecode.swift; path = TempEthereumViewController.swift; sourceTree = "<group>"; };
		6E8847CB1EDF0B51001CC971 /* EthereumPrice.swift */ = {isa = PBXFileReference; fileEncoding = 4; lastKnownFileType = sourcecode.swift; path = EthereumPrice.swift; sourceTree = "<group>"; };
		6E8847CD1EDF0DEC001CC971 /* EthereumService.swift */ = {isa = PBXFileReference; fileEncoding = 4; lastKnownFileType = sourcecode.swift; path = EthereumService.swift; sourceTree = "<group>"; };
		6E8CF7F61EFA670700A7DF7C /* ProfileCoordinator.swift */ = {isa = PBXFileReference; fileEncoding = 4; lastKnownFileType = sourcecode.swift; path = ProfileCoordinator.swift; sourceTree = "<group>"; };
		6E8CF7F71EFA670700A7DF7C /* ProfileInteractor.swift */ = {isa = PBXFileReference; fileEncoding = 4; lastKnownFileType = sourcecode.swift; path = ProfileInteractor.swift; sourceTree = "<group>"; };
		6E8CF7F81EFA670700A7DF7C /* ProfileModels.swift */ = {isa = PBXFileReference; fileEncoding = 4; lastKnownFileType = sourcecode.swift; path = ProfileModels.swift; sourceTree = "<group>"; };
		6E8CF7F91EFA670700A7DF7C /* ProfilePresenter.swift */ = {isa = PBXFileReference; fileEncoding = 4; lastKnownFileType = sourcecode.swift; path = ProfilePresenter.swift; sourceTree = "<group>"; };
		6E8CF7FA1EFA670700A7DF7C /* ProfileProtocols.swift */ = {isa = PBXFileReference; fileEncoding = 4; lastKnownFileType = sourcecode.swift; path = ProfileProtocols.swift; sourceTree = "<group>"; };
		6E8CF7FB1EFA670700A7DF7C /* ProfileViewController.swift */ = {isa = PBXFileReference; fileEncoding = 4; lastKnownFileType = sourcecode.swift; path = ProfileViewController.swift; sourceTree = "<group>"; };
		6E8CF7FC1EFA670700A7DF7C /* ProfileViewController.xib */ = {isa = PBXFileReference; fileEncoding = 4; lastKnownFileType = file.xib; path = ProfileViewController.xib; sourceTree = "<group>"; };
		6EBB38131EFA7622008783A6 /* ApiCryptoCurrencies.swift */ = {isa = PBXFileReference; lastKnownFileType = sourcecode.swift; path = ApiCryptoCurrencies.swift; sourceTree = "<group>"; };
		6EBB38151EFA78F5008783A6 /* Cell.swift */ = {isa = PBXFileReference; lastKnownFileType = sourcecode.swift; path = Cell.swift; sourceTree = "<group>"; };
		6EBB38171EFA7946008783A6 /* Data.swift */ = {isa = PBXFileReference; lastKnownFileType = sourcecode.swift; path = Data.swift; sourceTree = "<group>"; };
		6EBB381B1EFA7BEC008783A6 /* ApiResponseCurrency.swift */ = {isa = PBXFileReference; lastKnownFileType = sourcecode.swift; path = ApiResponseCurrency.swift; sourceTree = "<group>"; };
		6EBB381D1EFA7C41008783A6 /* Feed.swift */ = {isa = PBXFileReference; lastKnownFileType = sourcecode.swift; path = Feed.swift; sourceTree = "<group>"; };
		6EBB381F1EFA7CF5008783A6 /* RepositoryAPI.swift */ = {isa = PBXFileReference; lastKnownFileType = sourcecode.swift; path = RepositoryAPI.swift; sourceTree = "<group>"; };
		6EBB38211EFA7FF0008783A6 /* ConnectionManager.swift */ = {isa = PBXFileReference; lastKnownFileType = sourcecode.swift; path = ConnectionManager.swift; sourceTree = "<group>"; };
		831B736D198E02CC006A5A5A /* CurrencyDataViewController.swift */ = {isa = PBXFileReference; fileEncoding = 4; lastKnownFileType = sourcecode.swift; path = CurrencyDataViewController.swift; sourceTree = "<group>"; };
		8331BFF319671DD400FBA23E /* JBLineChartView.m */ = {isa = PBXFileReference; fileEncoding = 4; lastKnownFileType = sourcecode.c.objc; path = JBLineChartView.m; sourceTree = "<group>"; };
		8331BFF419671DD400FBA23E /* JBLineChartView.h */ = {isa = PBXFileReference; fileEncoding = 4; lastKnownFileType = sourcecode.c.h; path = JBLineChartView.h; sourceTree = "<group>"; };
		8331BFF519671DD400FBA23E /* JBChartView.m */ = {isa = PBXFileReference; fileEncoding = 4; lastKnownFileType = sourcecode.c.objc; path = JBChartView.m; sourceTree = "<group>"; };
		8331BFF619671DD400FBA23E /* JBChartView.h */ = {isa = PBXFileReference; fileEncoding = 4; lastKnownFileType = sourcecode.c.h; path = JBChartView.h; sourceTree = "<group>"; };
		8331BFF719671DD400FBA23E /* JBBarChartView.m */ = {isa = PBXFileReference; fileEncoding = 4; lastKnownFileType = sourcecode.c.objc; path = JBBarChartView.m; sourceTree = "<group>"; };
		8331BFF819671DD400FBA23E /* JBBarChartView.h */ = {isa = PBXFileReference; fileEncoding = 4; lastKnownFileType = sourcecode.c.h; path = JBBarChartView.h; sourceTree = "<group>"; };
		8331C02C19677E9000FBA23E /* NotificationCenter.framework */ = {isa = PBXFileReference; lastKnownFileType = wrapper.framework; name = NotificationCenter.framework; path = System/Library/Frameworks/NotificationCenter.framework; sourceTree = SDKROOT; };
		83E8FF97196657C1005F928D /* BitCoinPrice.swift */ = {isa = PBXFileReference; fileEncoding = 4; lastKnownFileType = sourcecode.swift; path = BitCoinPrice.swift; sourceTree = "<group>"; };
		83E8FF98196657C1005F928D /* BitCoinService.swift */ = {isa = PBXFileReference; fileEncoding = 4; lastKnownFileType = sourcecode.swift; path = BitCoinService.swift; sourceTree = "<group>"; };
		83E8FF99196657C1005F928D /* BitCoinStats.swift */ = {isa = PBXFileReference; fileEncoding = 4; lastKnownFileType = sourcecode.swift; path = BitCoinStats.swift; sourceTree = "<group>"; };
		83E8FF9B196657C1005F928D /* SwiftyJSON.swift */ = {isa = PBXFileReference; fileEncoding = 4; lastKnownFileType = sourcecode.swift; path = SwiftyJSON.swift; sourceTree = "<group>"; };
/* End PBXFileReference section */

/* Begin PBXFrameworksBuildPhase section */
		07DA615F1965E33100E97CC3 /* Frameworks */ = {
			isa = PBXFrameworksBuildPhase;
			buildActionMask = 2147483647;
			files = (
				07DA619E1965E3A600E97CC3 /* CryptoCurrencyKit.framework in Frameworks */,
				6E8847721EDC96CB001CC971 /* Alamofire.framework in Frameworks */,
				6E8847741EDC96D3001CC971 /* Serpent.framework in Frameworks */,
				6E8847731EDC96CE001CC971 /* Cashier.framework in Frameworks */,
			);
			runOnlyForDeploymentPostprocessing = 0;
		};
		07DA61851965E3A600E97CC3 /* Frameworks */ = {
			isa = PBXFrameworksBuildPhase;
			buildActionMask = 2147483647;
			files = (
			);
			runOnlyForDeploymentPostprocessing = 0;
		};
		6E6068ED1EDC25B30069FF50 /* Frameworks */ = {
			isa = PBXFrameworksBuildPhase;
			buildActionMask = 2147483647;
			files = (
				6E8847701EDC9520001CC971 /* Serpent.framework in Frameworks */,
				6E88476E1EDC951C001CC971 /* Cashier.framework in Frameworks */,
				6E88476C1EDC951A001CC971 /* Alamofire.framework in Frameworks */,
				6E6068FF1EDC25BE0069FF50 /* CryptoCurrencyKit.framework in Frameworks */,
				6E6068F11EDC25B30069FF50 /* NotificationCenter.framework in Frameworks */,
			);
			runOnlyForDeploymentPostprocessing = 0;
		};
		6E82FAA61EE6B7920045FB7A /* Frameworks */ = {
			isa = PBXFrameworksBuildPhase;
			buildActionMask = 2147483647;
			files = (
				6E82FAAD1EE6B7920045FB7A /* UserNotificationsUI.framework in Frameworks */,
				6E82FAAB1EE6B7920045FB7A /* UserNotifications.framework in Frameworks */,
			);
			runOnlyForDeploymentPostprocessing = 0;
		};
		6E88479B1EDEC0E7001CC971 /* Frameworks */ = {
			isa = PBXFrameworksBuildPhase;
			buildActionMask = 2147483647;
			files = (
				6E8847B01EDEC675001CC971 /* CryptoCurrencyKit.framework in Frameworks */,
				6E88479F1EDEC0E7001CC971 /* NotificationCenter.framework in Frameworks */,
				6E8847AD1EDEC4E8001CC971 /* Alamofire.framework in Frameworks */,
				6E8847AF1EDEC4EE001CC971 /* Serpent.framework in Frameworks */,
				6E8847AE1EDEC4EA001CC971 /* Cashier.framework in Frameworks */,
			);
			runOnlyForDeploymentPostprocessing = 0;
		};
/* End PBXFrameworksBuildPhase section */

/* Begin PBXGroup section */
		07DA61591965E33100E97CC3 = {
			isa = PBXGroup;
			children = (
				07DA61641965E33100E97CC3 /* Crypticker */,
				07DA618A1965E3A600E97CC3 /* CryptoCurrencyKit */,
				6E6068F21EDC25B30069FF50 /* BTC Widget */,
				6E8847A01EDEC0E7001CC971 /* ETH Widget */,
				6E82FAAE1EE6B7920045FB7A /* BitcoinContentExtension */,
				8331C02B19677E9000FBA23E /* Frameworks */,
				07DA61631965E33100E97CC3 /* Products */,
			);
			sourceTree = "<group>";
		};
		07DA61631965E33100E97CC3 /* Products */ = {
			isa = PBXGroup;
			children = (
				07DA61621965E33100E97CC3 /* CryptoNiteIO.app */,
				07DA61891965E3A600E97CC3 /* CryptoCurrencyKit.framework */,
				6E6068F01EDC25B30069FF50 /* BTC Widget.appex */,
				6E88479E1EDEC0E7001CC971 /* ETH Widget.appex */,
				6E82FAA91EE6B7920045FB7A /* BitcoinContentExtension.appex */,
			);
			name = Products;
			sourceTree = "<group>";
		};
		07DA61641965E33100E97CC3 /* Crypticker */ = {
			isa = PBXGroup;
			children = (
				6E8847931EDD6CFC001CC971 /* Repository */,
				6E8847761EDCA19B001CC971 /* Support */,
				6E6069031EDC8DD80069FF50 /* Scenes */,
				07DA61671965E33100E97CC3 /* AppDelegate.swift */,
				07DA61691965E33100E97CC3 /* ViewController.swift */,
				07DA616B1965E33100E97CC3 /* Main.storyboard */,
				4C41798E1E1ADDA400D2D78A /* LaunchScreen.storyboard */,
				07DA616E1965E33100E97CC3 /* Images.xcassets */,
				6E3D08AB1EF2C47700BFC2A5 /* btcdrop.png */,
				6E3D08A91EF2B6A400BFC2A5 /* ethereumDown.png */,
				6E3D08A71EF2B4F600BFC2A5 /* ethereum.gif */,
				6E82FAA31EE1BA540045FB7A /* bitcoingif.gif */,
				07DA61651965E33100E97CC3 /* Supporting files */,
			);
			path = Crypticker;
			sourceTree = "<group>";
		};
		07DA61651965E33100E97CC3 /* Supporting files */ = {
			isa = PBXGroup;
			children = (
				07DA61661965E33100E97CC3 /* Info.plist */,
			);
			name = "Supporting files";
			sourceTree = "<group>";
		};
		07DA618A1965E3A600E97CC3 /* CryptoCurrencyKit */ = {
			isa = PBXGroup;
			children = (
				6E8847CB1EDF0B51001CC971 /* EthereumPrice.swift */,
				6E8847CD1EDF0DEC001CC971 /* EthereumService.swift */,
				83E8FF97196657C1005F928D /* BitCoinPrice.swift */,
				83E8FF98196657C1005F928D /* BitCoinService.swift */,
				83E8FF99196657C1005F928D /* BitCoinStats.swift */,
				831B736D198E02CC006A5A5A /* CurrencyDataViewController.swift */,
				07DA618D1965E3A600E97CC3 /* CryptoCurrencyKit.h */,
				07DA618B1965E3A600E97CC3 /* Supporting Files */,
				83E8FFA2196657CA005F928D /* Third Party */,
			);
			path = CryptoCurrencyKit;
			sourceTree = "<group>";
		};
		07DA618B1965E3A600E97CC3 /* Supporting Files */ = {
			isa = PBXGroup;
			children = (
				07DA618C1965E3A600E97CC3 /* Info.plist */,
			);
			name = "Supporting Files";
			sourceTree = "<group>";
		};
		6E6068F21EDC25B30069FF50 /* BTC Widget */ = {
			isa = PBXGroup;
			children = (
				6E6068F31EDC25B30069FF50 /* TodayViewController.swift */,
				6E6068F51EDC25B30069FF50 /* MainInterface.storyboard */,
				6E6068F81EDC25B30069FF50 /* Info.plist */,
			);
			path = "BTC Widget";
			sourceTree = "<group>";
		};
		6E6069031EDC8DD80069FF50 /* Scenes */ = {
			isa = PBXGroup;
			children = (
				6EE8883F1EFBCC2D00A5067A /* CryptoStocks */,
				6E8CF7F51EFA66F600A7DF7C /* Profile  */,
				6E8847BA1EDF0430001CC971 /* Ethereum */,
			);
			name = Scenes;
			sourceTree = "<group>";
		};
		6E82FAAE1EE6B7920045FB7A /* BitcoinContentExtension */ = {
			isa = PBXGroup;
			children = (
				6E82FAAF1EE6B7920045FB7A /* NotificationViewController.swift */,
				6E82FAB11EE6B7920045FB7A /* MainInterface.storyboard */,
				6E82FAB41EE6B7920045FB7A /* Info.plist */,
			);
			path = BitcoinContentExtension;
			sourceTree = "<group>";
		};
		6E8847761EDCA19B001CC971 /* Support */ = {
			isa = PBXGroup;
			children = (
				6E8847771EDCA1F6001CC971 /* Coordinator.swift */,
				6E8847791EDCA209001CC971 /* AppCoordinator.swift */,
				6E88477B1EDD63AD001CC971 /* CryptoCurrencies.swift */,
				6E8847B11EDECBDB001CC971 /* ExchangeRate.swift */,
				6E8847B31EDECFBF001CC971 /* CurrencyData.swift */,
				6E82FAA11EE1984F0045FB7A /* EthereumCurrency.swift */,
				6E3D08AD1EF2CAF600BFC2A5 /* bitcoinCurrency.swift */,
			);
			name = Support;
			sourceTree = "<group>";
		};
		6E8847931EDD6CFC001CC971 /* Repository */ = {
			isa = PBXGroup;
			children = (
				6EBB381F1EFA7CF5008783A6 /* RepositoryAPI.swift */,
				6E8847941EDD6D21001CC971 /* ServerRepository.swift */,
				6E8847961EDD6E58001CC971 /* Repository.swift */,
				6EBB38211EFA7FF0008783A6 /* ConnectionManager.swift */,
			);
			name = Repository;
			sourceTree = "<group>";
		};
		6E8847A01EDEC0E7001CC971 /* ETH Widget */ = {
			isa = PBXGroup;
			children = (
				6E8847A11EDEC0E8001CC971 /* TodayEthViewController.swift */,
				6E8847A31EDEC0E8001CC971 /* MainInterface.storyboard */,
				6E8847A61EDEC0E8001CC971 /* Info.plist */,
			);
			path = "ETH Widget";
			sourceTree = "<group>";
		};
		6E8847BA1EDF0430001CC971 /* Ethereum */ = {
			isa = PBXGroup;
			children = (
				6E8847BB1EDF044C001CC971 /* EthereumCoordinator.swift */,
				6E8847BC1EDF044C001CC971 /* EthereumInteractor.swift */,
				6E8847BD1EDF044C001CC971 /* EthereumModels.swift */,
				6E8847BE1EDF044C001CC971 /* EthereumPresenter.swift */,
				6E8847BF1EDF044C001CC971 /* EthereumProtocols.swift */,
				6E8847C11EDF044C001CC971 /* EthereumViewController.xib */,
				6E8847C91EDF079E001CC971 /* TempEthereumViewController.swift */,
			);
			name = Ethereum;
			sourceTree = "<group>";
		};
		6E8CF7F51EFA66F600A7DF7C /* Profile  */ = {
			isa = PBXGroup;
			children = (
				6E8CF7F61EFA670700A7DF7C /* ProfileCoordinator.swift */,
				6E8CF7F71EFA670700A7DF7C /* ProfileInteractor.swift */,
				6E8CF7F81EFA670700A7DF7C /* ProfileModels.swift */,
				6E8CF7F91EFA670700A7DF7C /* ProfilePresenter.swift */,
				6E8CF7FA1EFA670700A7DF7C /* ProfileProtocols.swift */,
				6E8CF7FB1EFA670700A7DF7C /* ProfileViewController.swift */,
				6E8CF7FC1EFA670700A7DF7C /* ProfileViewController.xib */,
				6EBB38131EFA7622008783A6 /* ApiCryptoCurrencies.swift */,
				6EBB38151EFA78F5008783A6 /* Cell.swift */,
				6EBB38171EFA7946008783A6 /* Data.swift */,
				6EBB381B1EFA7BEC008783A6 /* ApiResponseCurrency.swift */,
				6EBB381D1EFA7C41008783A6 /* Feed.swift */,
			);
			name = "Profile ";
			sourceTree = "<group>";
		};
		6EE8883F1EFBCC2D00A5067A /* CryptoStocks */ = {
			isa = PBXGroup;
			children = (
				6E39AD031EFBCC7C00CCD766 /* CryptoStocksCoordinator.swift */,
				6E39AD041EFBCC7C00CCD766 /* CryptoStocksInteractor.swift */,
				6E39AD051EFBCC7C00CCD766 /* CryptoStocksModels.swift */,
				6E39AD061EFBCC7C00CCD766 /* CryptoStocksPresenter.swift */,
				6E39AD071EFBCC7C00CCD766 /* CryptoStocksProtocols.swift */,
				6E39AD081EFBCC7C00CCD766 /* CryptoStocksViewController.swift */,
				6E39AD091EFBCC7C00CCD766 /* CryptoStocksViewController.xib */,
			);
			name = CryptoStocks;
			sourceTree = "<group>";
		};
		8331BFF219671DBE00FBA23E /* JBChartView */ = {
			isa = PBXGroup;
			children = (
				8331BFF319671DD400FBA23E /* JBLineChartView.m */,
				8331BFF419671DD400FBA23E /* JBLineChartView.h */,
				8331BFF519671DD400FBA23E /* JBChartView.m */,
				8331BFF619671DD400FBA23E /* JBChartView.h */,
				8331BFF719671DD400FBA23E /* JBBarChartView.m */,
				8331BFF819671DD400FBA23E /* JBBarChartView.h */,
			);
			name = JBChartView;
			sourceTree = "<group>";
		};
		8331C02B19677E9000FBA23E /* Frameworks */ = {
			isa = PBXGroup;
			children = (
				6E88476F1EDC9520001CC971 /* Serpent.framework */,
				6E88476D1EDC951C001CC971 /* Cashier.framework */,
				6E88476B1EDC951A001CC971 /* Alamofire.framework */,
				8331C02C19677E9000FBA23E /* NotificationCenter.framework */,
				6E82FAAA1EE6B7920045FB7A /* UserNotifications.framework */,
				6E82FAAC1EE6B7920045FB7A /* UserNotificationsUI.framework */,
			);
			name = Frameworks;
			sourceTree = "<group>";
		};
		83E8FFA2196657CA005F928D /* Third Party */ = {
			isa = PBXGroup;
			children = (
				8331BFF219671DBE00FBA23E /* JBChartView */,
				83E8FF9B196657C1005F928D /* SwiftyJSON.swift */,
			);
			name = "Third Party";
			sourceTree = "<group>";
		};
/* End PBXGroup section */

/* Begin PBXHeadersBuildPhase section */
		07DA61861965E3A600E97CC3 /* Headers */ = {
			isa = PBXHeadersBuildPhase;
			buildActionMask = 2147483647;
			files = (
				8331BFFE19671DD400FBA23E /* JBBarChartView.h in Headers */,
				8331BFFA19671DD400FBA23E /* JBLineChartView.h in Headers */,
				8331BFFC19671DD400FBA23E /* JBChartView.h in Headers */,
				07DA618E1965E3A600E97CC3 /* CryptoCurrencyKit.h in Headers */,
			);
			runOnlyForDeploymentPostprocessing = 0;
		};
/* End PBXHeadersBuildPhase section */

/* Begin PBXNativeTarget section */
		07DA61611965E33100E97CC3 /* CryptoNiteIO */ = {
			isa = PBXNativeTarget;
			buildConfigurationList = 07DA617E1965E33100E97CC3 /* Build configuration list for PBXNativeTarget "CryptoNiteIO" */;
			buildPhases = (
				07DA615E1965E33100E97CC3 /* Sources */,
				07DA615F1965E33100E97CC3 /* Frameworks */,
				07DA61601965E33100E97CC3 /* Resources */,
				07DA61A71965E3A600E97CC3 /* Embed Frameworks */,
				8331C03D19677E9000FBA23E /* Embed App Extensions */,
				6E8847751EDC96DA001CC971 /* ShellScript */,
			);
			buildRules = (
			);
			dependencies = (
				07DA619D1965E3A600E97CC3 /* PBXTargetDependency */,
				07DA61A11965E3A600E97CC3 /* PBXTargetDependency */,
				6E6068FA1EDC25B30069FF50 /* PBXTargetDependency */,
				6E8847A81EDEC0E8001CC971 /* PBXTargetDependency */,
				6E82FAB61EE6B7920045FB7A /* PBXTargetDependency */,
			);
			name = CryptoNiteIO;
			productName = Crypticker;
			productReference = 07DA61621965E33100E97CC3 /* CryptoNiteIO.app */;
			productType = "com.apple.product-type.application";
		};
		07DA61881965E3A600E97CC3 /* CryptoCurrencyKit */ = {
			isa = PBXNativeTarget;
			buildConfigurationList = 07DA61A61965E3A600E97CC3 /* Build configuration list for PBXNativeTarget "CryptoCurrencyKit" */;
			buildPhases = (
				07DA61841965E3A600E97CC3 /* Sources */,
				07DA61851965E3A600E97CC3 /* Frameworks */,
				07DA61861965E3A600E97CC3 /* Headers */,
				07DA61871965E3A600E97CC3 /* Resources */,
			);
			buildRules = (
			);
			dependencies = (
			);
			name = CryptoCurrencyKit;
			productName = CryptoCurrencyKit;
			productReference = 07DA61891965E3A600E97CC3 /* CryptoCurrencyKit.framework */;
			productType = "com.apple.product-type.framework";
		};
		6E6068EF1EDC25B30069FF50 /* BTC Widget */ = {
			isa = PBXNativeTarget;
			buildConfigurationList = 6E6068FC1EDC25B30069FF50 /* Build configuration list for PBXNativeTarget "BTC Widget" */;
			buildPhases = (
				6E6068EC1EDC25B30069FF50 /* Sources */,
				6E6068ED1EDC25B30069FF50 /* Frameworks */,
				6E6068EE1EDC25B30069FF50 /* Resources */,
				6E8847711EDC9542001CC971 /* ShellScript */,
			);
			buildRules = (
			);
			dependencies = (
			);
			name = "BTC Widget";
			productName = "BTC Widget";
			productReference = 6E6068F01EDC25B30069FF50 /* BTC Widget.appex */;
			productType = "com.apple.product-type.app-extension";
		};
		6E82FAA81EE6B7920045FB7A /* BitcoinContentExtension */ = {
			isa = PBXNativeTarget;
			buildConfigurationList = 6E82FAB81EE6B7920045FB7A /* Build configuration list for PBXNativeTarget "BitcoinContentExtension" */;
			buildPhases = (
				6E82FAA51EE6B7920045FB7A /* Sources */,
				6E82FAA61EE6B7920045FB7A /* Frameworks */,
				6E82FAA71EE6B7920045FB7A /* Resources */,
			);
			buildRules = (
			);
			dependencies = (
			);
			name = BitcoinContentExtension;
			productName = BitcoinContentExtension;
			productReference = 6E82FAA91EE6B7920045FB7A /* BitcoinContentExtension.appex */;
			productType = "com.apple.product-type.app-extension";
		};
		6E88479D1EDEC0E7001CC971 /* ETH Widget */ = {
			isa = PBXNativeTarget;
			buildConfigurationList = 6E8847AA1EDEC0E8001CC971 /* Build configuration list for PBXNativeTarget "ETH Widget" */;
			buildPhases = (
				6E88479A1EDEC0E7001CC971 /* Sources */,
				6E88479B1EDEC0E7001CC971 /* Frameworks */,
				6E88479C1EDEC0E7001CC971 /* Resources */,
			);
			buildRules = (
			);
			dependencies = (
			);
			name = "ETH Widget";
			productName = "ETH Widget";
			productReference = 6E88479E1EDEC0E7001CC971 /* ETH Widget.appex */;
			productType = "com.apple.product-type.app-extension";
		};
/* End PBXNativeTarget section */

/* Begin PBXProject section */
		07DA615A1965E33100E97CC3 /* Project object */ = {
			isa = PBXProject;
			attributes = {
				LastSwiftUpdateCheck = 0830;
				LastUpgradeCheck = 0820;
				ORGANIZATIONNAME = LogicAppSourceIO;
				TargetAttributes = {
					07DA61611965E33100E97CC3 = {
						CreatedOnToolsVersion = 6.0;
						DevelopmentTeam = JWZKK84V7N;
						LastSwiftMigration = 0820;
						SystemCapabilities = {
							com.apple.BackgroundModes = {
								enabled = 1;
							};
						};
					};
					07DA61881965E3A600E97CC3 = {
						CreatedOnToolsVersion = 6.0;
						LastSwiftMigration = 0820;
					};
					6E6068EF1EDC25B30069FF50 = {
						CreatedOnToolsVersion = 8.3.2;
						DevelopmentTeam = JWZKK84V7N;
						ProvisioningStyle = Automatic;
					};
					6E82FAA81EE6B7920045FB7A = {
						CreatedOnToolsVersion = 8.3.2;
						DevelopmentTeam = JWZKK84V7N;
						ProvisioningStyle = Automatic;
					};
					6E88479D1EDEC0E7001CC971 = {
						CreatedOnToolsVersion = 8.3.2;
						DevelopmentTeam = JWZKK84V7N;
						ProvisioningStyle = Automatic;
					};
				};
			};
			buildConfigurationList = 07DA615D1965E33100E97CC3 /* Build configuration list for PBXProject "CryptoNiteIO" */;
			compatibilityVersion = "Xcode 3.2";
			developmentRegion = English;
			hasScannedForEncodings = 0;
			knownRegions = (
				en,
				Base,
			);
			mainGroup = 07DA61591965E33100E97CC3;
			productRefGroup = 07DA61631965E33100E97CC3 /* Products */;
			projectDirPath = "";
			projectRoot = "";
			targets = (
				07DA61611965E33100E97CC3 /* CryptoNiteIO */,
				07DA61881965E3A600E97CC3 /* CryptoCurrencyKit */,
				6E6068EF1EDC25B30069FF50 /* BTC Widget */,
				6E88479D1EDEC0E7001CC971 /* ETH Widget */,
				6E82FAA81EE6B7920045FB7A /* BitcoinContentExtension */,
			);
		};
/* End PBXProject section */

/* Begin PBXResourcesBuildPhase section */
		07DA61601965E33100E97CC3 /* Resources */ = {
			isa = PBXResourcesBuildPhase;
			buildActionMask = 2147483647;
			files = (
				6E8CF8031EFA670700A7DF7C /* ProfileViewController.xib in Resources */,
				6E82FAA41EE1BA540045FB7A /* bitcoingif.gif in Resources */,
				4C41798F1E1ADDA400D2D78A /* LaunchScreen.storyboard in Resources */,
				07DA616D1965E33100E97CC3 /* Main.storyboard in Resources */,
				6E39AD101EFBCC7C00CCD766 /* CryptoStocksViewController.xib in Resources */,
				6E3D08AA1EF2B6A400BFC2A5 /* ethereumDown.png in Resources */,
				6E3D08AC1EF2C47700BFC2A5 /* btcdrop.png in Resources */,
				6E8847C81EDF044C001CC971 /* EthereumViewController.xib in Resources */,
				6E3D08A81EF2B4F600BFC2A5 /* ethereum.gif in Resources */,
				07DA616F1965E33100E97CC3 /* Images.xcassets in Resources */,
			);
			runOnlyForDeploymentPostprocessing = 0;
		};
		07DA61871965E3A600E97CC3 /* Resources */ = {
			isa = PBXResourcesBuildPhase;
			buildActionMask = 2147483647;
			files = (
			);
			runOnlyForDeploymentPostprocessing = 0;
		};
		6E6068EE1EDC25B30069FF50 /* Resources */ = {
			isa = PBXResourcesBuildPhase;
			buildActionMask = 2147483647;
			files = (
				6E6068F71EDC25B30069FF50 /* MainInterface.storyboard in Resources */,
				6E6069001EDC768F0069FF50 /* Images.xcassets in Resources */,
			);
			runOnlyForDeploymentPostprocessing = 0;
		};
		6E82FAA71EE6B7920045FB7A /* Resources */ = {
			isa = PBXResourcesBuildPhase;
			buildActionMask = 2147483647;
			files = (
				6E82FAB31EE6B7920045FB7A /* MainInterface.storyboard in Resources */,
			);
			runOnlyForDeploymentPostprocessing = 0;
		};
		6E88479C1EDEC0E7001CC971 /* Resources */ = {
			isa = PBXResourcesBuildPhase;
			buildActionMask = 2147483647;
			files = (
				6E8847A51EDEC0E8001CC971 /* MainInterface.storyboard in Resources */,
			);
			runOnlyForDeploymentPostprocessing = 0;
		};
/* End PBXResourcesBuildPhase section */

/* Begin PBXShellScriptBuildPhase section */
		6E8847711EDC9542001CC971 /* ShellScript */ = {
			isa = PBXShellScriptBuildPhase;
			buildActionMask = 2147483647;
			files = (
			);
			inputPaths = (
				"$(SRCROOT)/Carthage/Build/iOS/Serpent.framework",
				"$(SRCROOT)/Carthage/Build/iOS/Alamofire.framework",
				"$(SRCROOT)/Carthage/Build/iOS/Cashier.framework",
			);
			outputPaths = (
			);
			runOnlyForDeploymentPostprocessing = 0;
			shellPath = /bin/sh;
			shellScript = "/usr/local/bin/carthage copy-frameworks";
		};
		6E8847751EDC96DA001CC971 /* ShellScript */ = {
			isa = PBXShellScriptBuildPhase;
			buildActionMask = 2147483647;
			files = (
			);
			inputPaths = (
				"$(SRCROOT)/Carthage/Build/iOS/Serpent.framework",
				"$(SRCROOT)/Carthage/Build/iOS/Alamofire.framework",
				"$(SRCROOT)/Carthage/Build/iOS/Cashier.framework",
			);
			outputPaths = (
			);
			runOnlyForDeploymentPostprocessing = 0;
			shellPath = /bin/sh;
			shellScript = "/usr/local/bin/carthage copy-frameworks";
		};
/* End PBXShellScriptBuildPhase section */

/* Begin PBXSourcesBuildPhase section */
		07DA615E1965E33100E97CC3 /* Sources */ = {
			isa = PBXSourcesBuildPhase;
			buildActionMask = 2147483647;
			files = (
				6E39AD0F1EFBCC7C00CCD766 /* CryptoStocksViewController.swift in Sources */,
				6E88477A1EDCA209001CC971 /* AppCoordinator.swift in Sources */,
				6E8847C51EDF044C001CC971 /* EthereumPresenter.swift in Sources */,
				6E88477C1EDD63AD001CC971 /* CryptoCurrencies.swift in Sources */,
				6E8CF7FF1EFA670700A7DF7C /* ProfileModels.swift in Sources */,
				6EBB381C1EFA7BEC008783A6 /* ApiResponseCurrency.swift in Sources */,
				6E8847B41EDECFBF001CC971 /* CurrencyData.swift in Sources */,
				6E8847781EDCA1F6001CC971 /* Coordinator.swift in Sources */,
				6E8847C41EDF044C001CC971 /* EthereumModels.swift in Sources */,
				6E82FAA21EE1984F0045FB7A /* EthereumCurrency.swift in Sources */,
				6E39AD0A1EFBCC7C00CCD766 /* CryptoStocksCoordinator.swift in Sources */,
				6E39AD0D1EFBCC7C00CCD766 /* CryptoStocksPresenter.swift in Sources */,
				6E39AD0B1EFBCC7C00CCD766 /* CryptoStocksInteractor.swift in Sources */,
				6EBB38161EFA78F5008783A6 /* Cell.swift in Sources */,
				6E3D08AE1EF2CAF600BFC2A5 /* bitcoinCurrency.swift in Sources */,
				07DA616A1965E33100E97CC3 /* ViewController.swift in Sources */,
				6EBB38141EFA7622008783A6 /* ApiCryptoCurrencies.swift in Sources */,
				6E8CF7FE1EFA670700A7DF7C /* ProfileInteractor.swift in Sources */,
				6E8847C21EDF044C001CC971 /* EthereumCoordinator.swift in Sources */,
				6E8847C61EDF044C001CC971 /* EthereumProtocols.swift in Sources */,
				07DA61681965E33100E97CC3 /* AppDelegate.swift in Sources */,
				6EBB381E1EFA7C41008783A6 /* Feed.swift in Sources */,
				6E8847971EDD6E58001CC971 /* Repository.swift in Sources */,
				6E8CF8021EFA670700A7DF7C /* ProfileViewController.swift in Sources */,
				6E8CF8011EFA670700A7DF7C /* ProfileProtocols.swift in Sources */,
				6E8847951EDD6D21001CC971 /* ServerRepository.swift in Sources */,
				6EBB38181EFA7946008783A6 /* Data.swift in Sources */,
				6E8847CA1EDF079E001CC971 /* TempEthereumViewController.swift in Sources */,
				6E8CF8001EFA670700A7DF7C /* ProfilePresenter.swift in Sources */,
				6EBB38221EFA7FF0008783A6 /* ConnectionManager.swift in Sources */,
				6E39AD0E1EFBCC7C00CCD766 /* CryptoStocksProtocols.swift in Sources */,
				6EBB38201EFA7CF5008783A6 /* RepositoryAPI.swift in Sources */,
				6E39AD0C1EFBCC7C00CCD766 /* CryptoStocksModels.swift in Sources */,
				6E8847C31EDF044C001CC971 /* EthereumInteractor.swift in Sources */,
				6E8CF7FD1EFA670700A7DF7C /* ProfileCoordinator.swift in Sources */,
				6E8847B21EDECBDB001CC971 /* ExchangeRate.swift in Sources */,
			);
			runOnlyForDeploymentPostprocessing = 0;
		};
		07DA61841965E3A600E97CC3 /* Sources */ = {
			isa = PBXSourcesBuildPhase;
			buildActionMask = 2147483647;
			files = (
				831B736E198E02CC006A5A5A /* CurrencyDataViewController.swift in Sources */,
				83E8FF9E196657C1005F928D /* BitCoinStats.swift in Sources */,
				6E8847CE1EDF0DEC001CC971 /* EthereumService.swift in Sources */,
				8331BFFD19671DD400FBA23E /* JBBarChartView.m in Sources */,
				8331BFF919671DD400FBA23E /* JBLineChartView.m in Sources */,
				6E8847CC1EDF0B51001CC971 /* EthereumPrice.swift in Sources */,
				83E8FF9D196657C1005F928D /* BitCoinService.swift in Sources */,
				8331BFFB19671DD400FBA23E /* JBChartView.m in Sources */,
				83E8FFA0196657C1005F928D /* SwiftyJSON.swift in Sources */,
				83E8FF9C196657C1005F928D /* BitCoinPrice.swift in Sources */,
			);
			runOnlyForDeploymentPostprocessing = 0;
		};
		6E6068EC1EDC25B30069FF50 /* Sources */ = {
			isa = PBXSourcesBuildPhase;
			buildActionMask = 2147483647;
			files = (
				6E8847B81EDEDF6D001CC971 /* CurrencyData.swift in Sources */,
				6E8847B71EDEDF4E001CC971 /* ExchangeRate.swift in Sources */,
				6E6068F41EDC25B30069FF50 /* TodayViewController.swift in Sources */,
			);
			runOnlyForDeploymentPostprocessing = 0;
		};
		6E82FAA51EE6B7920045FB7A /* Sources */ = {
			isa = PBXSourcesBuildPhase;
			buildActionMask = 2147483647;
			files = (
				6E82FAB01EE6B7920045FB7A /* NotificationViewController.swift in Sources */,
			);
			runOnlyForDeploymentPostprocessing = 0;
		};
		6E88479A1EDEC0E7001CC971 /* Sources */ = {
			isa = PBXSourcesBuildPhase;
			buildActionMask = 2147483647;
			files = (
				6E8847B91EDEDF6E001CC971 /* CurrencyData.swift in Sources */,
				6E8847B51EDEDF47001CC971 /* ExchangeRate.swift in Sources */,
				6E8847A21EDEC0E8001CC971 /* TodayEthViewController.swift in Sources */,
			);
			runOnlyForDeploymentPostprocessing = 0;
		};
/* End PBXSourcesBuildPhase section */

/* Begin PBXTargetDependency section */
		07DA619D1965E3A600E97CC3 /* PBXTargetDependency */ = {
			isa = PBXTargetDependency;
			target = 07DA61881965E3A600E97CC3 /* CryptoCurrencyKit */;
			targetProxy = 07DA619C1965E3A600E97CC3 /* PBXContainerItemProxy */;
		};
		07DA61A11965E3A600E97CC3 /* PBXTargetDependency */ = {
			isa = PBXTargetDependency;
			target = 07DA61881965E3A600E97CC3 /* CryptoCurrencyKit */;
			targetProxy = 07DA61A01965E3A600E97CC3 /* PBXContainerItemProxy */;
		};
		6E6068FA1EDC25B30069FF50 /* PBXTargetDependency */ = {
			isa = PBXTargetDependency;
			target = 6E6068EF1EDC25B30069FF50 /* BTC Widget */;
			targetProxy = 6E6068F91EDC25B30069FF50 /* PBXContainerItemProxy */;
		};
		6E82FAB61EE6B7920045FB7A /* PBXTargetDependency */ = {
			isa = PBXTargetDependency;
			target = 6E82FAA81EE6B7920045FB7A /* BitcoinContentExtension */;
			targetProxy = 6E82FAB51EE6B7920045FB7A /* PBXContainerItemProxy */;
		};
		6E8847A81EDEC0E8001CC971 /* PBXTargetDependency */ = {
			isa = PBXTargetDependency;
			target = 6E88479D1EDEC0E7001CC971 /* ETH Widget */;
			targetProxy = 6E8847A71EDEC0E8001CC971 /* PBXContainerItemProxy */;
		};
/* End PBXTargetDependency section */

/* Begin PBXVariantGroup section */
		07DA616B1965E33100E97CC3 /* Main.storyboard */ = {
			isa = PBXVariantGroup;
			children = (
				07DA616C1965E33100E97CC3 /* Base */,
			);
			name = Main.storyboard;
			sourceTree = "<group>";
		};
		6E6068F51EDC25B30069FF50 /* MainInterface.storyboard */ = {
			isa = PBXVariantGroup;
			children = (
				6E6068F61EDC25B30069FF50 /* Base */,
			);
			name = MainInterface.storyboard;
			sourceTree = "<group>";
		};
		6E82FAB11EE6B7920045FB7A /* MainInterface.storyboard */ = {
			isa = PBXVariantGroup;
			children = (
				6E82FAB21EE6B7920045FB7A /* Base */,
			);
			name = MainInterface.storyboard;
			sourceTree = "<group>";
		};
		6E8847A31EDEC0E8001CC971 /* MainInterface.storyboard */ = {
			isa = PBXVariantGroup;
			children = (
				6E8847A41EDEC0E8001CC971 /* Base */,
			);
			name = MainInterface.storyboard;
			sourceTree = "<group>";
		};
/* End PBXVariantGroup section */

/* Begin XCBuildConfiguration section */
		07DA617C1965E33100E97CC3 /* Debug */ = {
			isa = XCBuildConfiguration;
			buildSettings = {
				ALWAYS_SEARCH_USER_PATHS = NO;
				CLANG_CXX_LANGUAGE_STANDARD = "gnu++0x";
				CLANG_CXX_LIBRARY = "libc++";
				CLANG_ENABLE_MODULES = YES;
				CLANG_ENABLE_OBJC_ARC = YES;
				CLANG_WARN_BOOL_CONVERSION = YES;
				CLANG_WARN_CONSTANT_CONVERSION = YES;
				CLANG_WARN_DIRECT_OBJC_ISA_USAGE = YES_ERROR;
				CLANG_WARN_EMPTY_BODY = YES;
				CLANG_WARN_ENUM_CONVERSION = YES;
				CLANG_WARN_INFINITE_RECURSION = YES;
				CLANG_WARN_INT_CONVERSION = YES;
				CLANG_WARN_OBJC_ROOT_CLASS = YES_ERROR;
				CLANG_WARN_SUSPICIOUS_MOVE = YES;
				CLANG_WARN_UNREACHABLE_CODE = YES;
				CLANG_WARN__DUPLICATE_METHOD_MATCH = YES;
				"CODE_SIGN_IDENTITY[sdk=iphoneos*]" = "iPhone Developer";
				COPY_PHASE_STRIP = NO;
				ENABLE_STRICT_OBJC_MSGSEND = YES;
				ENABLE_TESTABILITY = YES;
				GCC_C_LANGUAGE_STANDARD = gnu99;
				GCC_DYNAMIC_NO_PIC = NO;
				GCC_NO_COMMON_BLOCKS = YES;
				GCC_OPTIMIZATION_LEVEL = 0;
				GCC_PREPROCESSOR_DEFINITIONS = (
					"DEBUG=1",
					"$(inherited)",
				);
				GCC_SYMBOLS_PRIVATE_EXTERN = NO;
				GCC_WARN_64_TO_32_BIT_CONVERSION = YES;
				GCC_WARN_ABOUT_RETURN_TYPE = YES_ERROR;
				GCC_WARN_UNDECLARED_SELECTOR = YES;
				GCC_WARN_UNINITIALIZED_AUTOS = YES_AGGRESSIVE;
				GCC_WARN_UNUSED_FUNCTION = YES;
				GCC_WARN_UNUSED_VARIABLE = YES;
				IPHONEOS_DEPLOYMENT_TARGET = 8.0;
				METAL_ENABLE_DEBUG_INFO = YES;
				ONLY_ACTIVE_ARCH = YES;
				SDKROOT = iphoneos;
				SWIFT_OPTIMIZATION_LEVEL = "-Onone";
				TARGETED_DEVICE_FAMILY = "1,2";
			};
			name = Debug;
		};
		07DA617D1965E33100E97CC3 /* Release */ = {
			isa = XCBuildConfiguration;
			buildSettings = {
				ALWAYS_SEARCH_USER_PATHS = NO;
				CLANG_CXX_LANGUAGE_STANDARD = "gnu++0x";
				CLANG_CXX_LIBRARY = "libc++";
				CLANG_ENABLE_MODULES = YES;
				CLANG_ENABLE_OBJC_ARC = YES;
				CLANG_WARN_BOOL_CONVERSION = YES;
				CLANG_WARN_CONSTANT_CONVERSION = YES;
				CLANG_WARN_DIRECT_OBJC_ISA_USAGE = YES_ERROR;
				CLANG_WARN_EMPTY_BODY = YES;
				CLANG_WARN_ENUM_CONVERSION = YES;
				CLANG_WARN_INFINITE_RECURSION = YES;
				CLANG_WARN_INT_CONVERSION = YES;
				CLANG_WARN_OBJC_ROOT_CLASS = YES_ERROR;
				CLANG_WARN_SUSPICIOUS_MOVE = YES;
				CLANG_WARN_UNREACHABLE_CODE = YES;
				CLANG_WARN__DUPLICATE_METHOD_MATCH = YES;
				"CODE_SIGN_IDENTITY[sdk=iphoneos*]" = "iPhone Developer";
				COPY_PHASE_STRIP = YES;
				ENABLE_NS_ASSERTIONS = NO;
				ENABLE_STRICT_OBJC_MSGSEND = YES;
				GCC_C_LANGUAGE_STANDARD = gnu99;
				GCC_NO_COMMON_BLOCKS = YES;
				GCC_WARN_64_TO_32_BIT_CONVERSION = YES;
				GCC_WARN_ABOUT_RETURN_TYPE = YES_ERROR;
				GCC_WARN_UNDECLARED_SELECTOR = YES;
				GCC_WARN_UNINITIALIZED_AUTOS = YES_AGGRESSIVE;
				GCC_WARN_UNUSED_FUNCTION = YES;
				GCC_WARN_UNUSED_VARIABLE = YES;
				IPHONEOS_DEPLOYMENT_TARGET = 8.0;
				METAL_ENABLE_DEBUG_INFO = NO;
				SDKROOT = iphoneos;
				SWIFT_OPTIMIZATION_LEVEL = "-Owholemodule";
				TARGETED_DEVICE_FAMILY = "1,2";
				VALIDATE_PRODUCT = YES;
			};
			name = Release;
		};
		07DA617F1965E33100E97CC3 /* Debug */ = {
			isa = XCBuildConfiguration;
			buildSettings = {
				ALWAYS_EMBED_SWIFT_STANDARD_LIBRARIES = YES;
				ASSETCATALOG_COMPILER_APPICON_NAME = AppIcon;
				DEVELOPMENT_TEAM = JWZKK84V7N;
				FRAMEWORK_SEARCH_PATHS = (
					"$(inherited)",
					"$(PROJECT_DIR)/Carthage/Build/iOS",
				);
				INFOPLIST_FILE = Crypticker/Info.plist;
				IPHONEOS_DEPLOYMENT_TARGET = 10.0;
				LD_RUNPATH_SEARCH_PATHS = "$(inherited) @executable_path/Frameworks";
				PRODUCT_BUNDLE_IDENTIFIER = CryptoNiteIO;
				PRODUCT_NAME = "$(TARGET_NAME)";
				SWIFT_VERSION = 3.0;
			};
			name = Debug;
		};
		07DA61801965E33100E97CC3 /* Release */ = {
			isa = XCBuildConfiguration;
			buildSettings = {
				ALWAYS_EMBED_SWIFT_STANDARD_LIBRARIES = YES;
				ASSETCATALOG_COMPILER_APPICON_NAME = AppIcon;
				DEVELOPMENT_TEAM = JWZKK84V7N;
				FRAMEWORK_SEARCH_PATHS = (
					"$(inherited)",
					"$(PROJECT_DIR)/Carthage/Build/iOS",
				);
				INFOPLIST_FILE = Crypticker/Info.plist;
				IPHONEOS_DEPLOYMENT_TARGET = 10.0;
				LD_RUNPATH_SEARCH_PATHS = "$(inherited) @executable_path/Frameworks";
				PRODUCT_BUNDLE_IDENTIFIER = CryptoNiteIO;
				PRODUCT_NAME = "$(TARGET_NAME)";
				SWIFT_VERSION = 3.0;
			};
			name = Release;
		};
		07DA61A21965E3A600E97CC3 /* Debug */ = {
			isa = XCBuildConfiguration;
			buildSettings = {
				APPLICATION_EXTENSION_API_ONLY = YES;
				CLANG_ENABLE_MODULES = YES;
				"CODE_SIGN_IDENTITY[sdk=iphoneos*]" = "";
				CURRENT_PROJECT_VERSION = 1;
				DEFINES_MODULE = YES;
				DYLIB_COMPATIBILITY_VERSION = 1;
				DYLIB_CURRENT_VERSION = 1;
				DYLIB_INSTALL_NAME_BASE = "@rpath";
				GCC_PREPROCESSOR_DEFINITIONS = (
					"DEBUG=1",
					"$(inherited)",
				);
				INFOPLIST_FILE = CryptoCurrencyKit/Info.plist;
				INSTALL_PATH = "$(LOCAL_LIBRARY_DIR)/Frameworks";
				LD_RUNPATH_SEARCH_PATHS = "$(inherited) @executable_path/Frameworks @loader_path/Frameworks";
				METAL_ENABLE_DEBUG_INFO = YES;
				PRODUCT_BUNDLE_IDENTIFIER = "com.raywenderlich.swift.${PRODUCT_NAME:rfc1034identifier}";
				PRODUCT_NAME = "$(TARGET_NAME)";
				SKIP_INSTALL = YES;
				SWIFT_OPTIMIZATION_LEVEL = "-Onone";
				SWIFT_VERSION = 3.0;
				VERSIONING_SYSTEM = "apple-generic";
				VERSION_INFO_PREFIX = "";
			};
			name = Debug;
		};
		07DA61A31965E3A600E97CC3 /* Release */ = {
			isa = XCBuildConfiguration;
			buildSettings = {
				APPLICATION_EXTENSION_API_ONLY = YES;
				CLANG_ENABLE_MODULES = YES;
				"CODE_SIGN_IDENTITY[sdk=iphoneos*]" = "";
				CURRENT_PROJECT_VERSION = 1;
				DEFINES_MODULE = YES;
				DYLIB_COMPATIBILITY_VERSION = 1;
				DYLIB_CURRENT_VERSION = 1;
				DYLIB_INSTALL_NAME_BASE = "@rpath";
				INFOPLIST_FILE = CryptoCurrencyKit/Info.plist;
				INSTALL_PATH = "$(LOCAL_LIBRARY_DIR)/Frameworks";
				LD_RUNPATH_SEARCH_PATHS = "$(inherited) @executable_path/Frameworks @loader_path/Frameworks";
				METAL_ENABLE_DEBUG_INFO = NO;
				PRODUCT_BUNDLE_IDENTIFIER = "com.raywenderlich.swift.${PRODUCT_NAME:rfc1034identifier}";
				PRODUCT_NAME = "$(TARGET_NAME)";
				SKIP_INSTALL = YES;
				SWIFT_VERSION = 3.0;
				VERSIONING_SYSTEM = "apple-generic";
				VERSION_INFO_PREFIX = "";
			};
			name = Release;
		};
		6E6068FD1EDC25B30069FF50 /* Debug */ = {
			isa = XCBuildConfiguration;
			buildSettings = {
				CLANG_ANALYZER_NONNULL = YES;
				CLANG_ANALYZER_NUMBER_OBJECT_CONVERSION = YES_AGGRESSIVE;
				CLANG_WARN_DOCUMENTATION_COMMENTS = YES;
				DEBUG_INFORMATION_FORMAT = dwarf;
				DEVELOPMENT_TEAM = JWZKK84V7N;
				FRAMEWORK_SEARCH_PATHS = (
					"$(inherited)",
					"$(PROJECT_DIR)/Carthage/Build/iOS",
				);
				INFOPLIST_FILE = "BTC Widget/Info.plist";
				IPHONEOS_DEPLOYMENT_TARGET = 10.0;
				LD_RUNPATH_SEARCH_PATHS = "$(inherited) @executable_path/Frameworks @executable_path/../../Frameworks";
				MTL_ENABLE_DEBUG_INFO = YES;
				PRODUCT_BUNDLE_IDENTIFIER = "CryptoNiteIO.BTC-Widget";
				PRODUCT_NAME = "$(TARGET_NAME)";
				SKIP_INSTALL = YES;
				SWIFT_ACTIVE_COMPILATION_CONDITIONS = DEBUG;
				SWIFT_VERSION = 3.0;
			};
			name = Debug;
		};
		6E6068FE1EDC25B30069FF50 /* Release */ = {
			isa = XCBuildConfiguration;
			buildSettings = {
				CLANG_ANALYZER_NONNULL = YES;
				CLANG_ANALYZER_NUMBER_OBJECT_CONVERSION = YES_AGGRESSIVE;
				CLANG_WARN_DOCUMENTATION_COMMENTS = YES;
				COPY_PHASE_STRIP = NO;
				DEBUG_INFORMATION_FORMAT = "dwarf-with-dsym";
				DEVELOPMENT_TEAM = JWZKK84V7N;
				FRAMEWORK_SEARCH_PATHS = (
					"$(inherited)",
					"$(PROJECT_DIR)/Carthage/Build/iOS",
				);
				INFOPLIST_FILE = "BTC Widget/Info.plist";
				IPHONEOS_DEPLOYMENT_TARGET = 10.0;
				LD_RUNPATH_SEARCH_PATHS = "$(inherited) @executable_path/Frameworks @executable_path/../../Frameworks";
				MTL_ENABLE_DEBUG_INFO = NO;
				PRODUCT_BUNDLE_IDENTIFIER = "CryptoNiteIO.BTC-Widget";
				PRODUCT_NAME = "$(TARGET_NAME)";
				SKIP_INSTALL = YES;
				SWIFT_VERSION = 3.0;
			};
			name = Release;
		};
		6E82FAB91EE6B7920045FB7A /* Debug */ = {
			isa = XCBuildConfiguration;
			buildSettings = {
				CLANG_ANALYZER_NONNULL = YES;
				CLANG_ANALYZER_NUMBER_OBJECT_CONVERSION = YES_AGGRESSIVE;
				CLANG_WARN_DOCUMENTATION_COMMENTS = YES;
				DEBUG_INFORMATION_FORMAT = dwarf;
				DEVELOPMENT_TEAM = JWZKK84V7N;
				INFOPLIST_FILE = BitcoinContentExtension/Info.plist;
				IPHONEOS_DEPLOYMENT_TARGET = 10.3;
				LD_RUNPATH_SEARCH_PATHS = "$(inherited) @executable_path/Frameworks @executable_path/../../Frameworks";
				MTL_ENABLE_DEBUG_INFO = YES;
				PRODUCT_BUNDLE_IDENTIFIER = CryptoNiteIO.BitcoinContentExtension;
				PRODUCT_NAME = "$(TARGET_NAME)";
				SKIP_INSTALL = YES;
				SWIFT_ACTIVE_COMPILATION_CONDITIONS = DEBUG;
				SWIFT_VERSION = 3.0;
			};
			name = Debug;
		};
		6E82FABA1EE6B7920045FB7A /* Release */ = {
			isa = XCBuildConfiguration;
			buildSettings = {
				CLANG_ANALYZER_NONNULL = YES;
				CLANG_ANALYZER_NUMBER_OBJECT_CONVERSION = YES_AGGRESSIVE;
				CLANG_WARN_DOCUMENTATION_COMMENTS = YES;
				COPY_PHASE_STRIP = NO;
				DEBUG_INFORMATION_FORMAT = "dwarf-with-dsym";
				DEVELOPMENT_TEAM = JWZKK84V7N;
				INFOPLIST_FILE = BitcoinContentExtension/Info.plist;
				IPHONEOS_DEPLOYMENT_TARGET = 10.3;
				LD_RUNPATH_SEARCH_PATHS = "$(inherited) @executable_path/Frameworks @executable_path/../../Frameworks";
				MTL_ENABLE_DEBUG_INFO = NO;
				PRODUCT_BUNDLE_IDENTIFIER = CryptoNiteIO.BitcoinContentExtension;
				PRODUCT_NAME = "$(TARGET_NAME)";
				SKIP_INSTALL = YES;
				SWIFT_VERSION = 3.0;
			};
			name = Release;
		};
		6E8847AB1EDEC0E8001CC971 /* Debug */ = {
			isa = XCBuildConfiguration;
			buildSettings = {
				CLANG_ANALYZER_NONNULL = YES;
				CLANG_ANALYZER_NUMBER_OBJECT_CONVERSION = YES_AGGRESSIVE;
				CLANG_WARN_DOCUMENTATION_COMMENTS = YES;
				DEBUG_INFORMATION_FORMAT = dwarf;
				DEVELOPMENT_TEAM = JWZKK84V7N;
				FRAMEWORK_SEARCH_PATHS = (
					"$(inherited)",
					"$(PROJECT_DIR)/Carthage/Build/iOS",
				);
				INFOPLIST_FILE = "ETH Widget/Info.plist";
				IPHONEOS_DEPLOYMENT_TARGET = 10.3;
				LD_RUNPATH_SEARCH_PATHS = "$(inherited) @executable_path/Frameworks @executable_path/../../Frameworks";
				MTL_ENABLE_DEBUG_INFO = YES;
				PRODUCT_BUNDLE_IDENTIFIER = "CryptoNiteIO.ETH-Widget";
				PRODUCT_NAME = "$(TARGET_NAME)";
				SKIP_INSTALL = YES;
				SWIFT_ACTIVE_COMPILATION_CONDITIONS = DEBUG;
				SWIFT_VERSION = 3.0;
			};
			name = Debug;
		};
		6E8847AC1EDEC0E8001CC971 /* Release */ = {
			isa = XCBuildConfiguration;
			buildSettings = {
				CLANG_ANALYZER_NONNULL = YES;
				CLANG_ANALYZER_NUMBER_OBJECT_CONVERSION = YES_AGGRESSIVE;
				CLANG_WARN_DOCUMENTATION_COMMENTS = YES;
				COPY_PHASE_STRIP = NO;
				DEBUG_INFORMATION_FORMAT = "dwarf-with-dsym";
				DEVELOPMENT_TEAM = JWZKK84V7N;
				FRAMEWORK_SEARCH_PATHS = (
					"$(inherited)",
					"$(PROJECT_DIR)/Carthage/Build/iOS",
				);
				INFOPLIST_FILE = "ETH Widget/Info.plist";
				IPHONEOS_DEPLOYMENT_TARGET = 10.3;
				LD_RUNPATH_SEARCH_PATHS = "$(inherited) @executable_path/Frameworks @executable_path/../../Frameworks";
				MTL_ENABLE_DEBUG_INFO = NO;
				PRODUCT_BUNDLE_IDENTIFIER = "CryptoNiteIO.ETH-Widget";
				PRODUCT_NAME = "$(TARGET_NAME)";
				SKIP_INSTALL = YES;
				SWIFT_VERSION = 3.0;
			};
			name = Release;
		};
/* End XCBuildConfiguration section */

/* Begin XCConfigurationList section */
		07DA615D1965E33100E97CC3 /* Build configuration list for PBXProject "CryptoNiteIO" */ = {
			isa = XCConfigurationList;
			buildConfigurations = (
				07DA617C1965E33100E97CC3 /* Debug */,
				07DA617D1965E33100E97CC3 /* Release */,
			);
			defaultConfigurationIsVisible = 0;
			defaultConfigurationName = Release;
		};
		07DA617E1965E33100E97CC3 /* Build configuration list for PBXNativeTarget "CryptoNiteIO" */ = {
			isa = XCConfigurationList;
			buildConfigurations = (
				07DA617F1965E33100E97CC3 /* Debug */,
				07DA61801965E33100E97CC3 /* Release */,
			);
			defaultConfigurationIsVisible = 0;
			defaultConfigurationName = Release;
		};
		07DA61A61965E3A600E97CC3 /* Build configuration list for PBXNativeTarget "CryptoCurrencyKit" */ = {
			isa = XCConfigurationList;
			buildConfigurations = (
				07DA61A21965E3A600E97CC3 /* Debug */,
				07DA61A31965E3A600E97CC3 /* Release */,
			);
			defaultConfigurationIsVisible = 0;
			defaultConfigurationName = Release;
		};
		6E6068FC1EDC25B30069FF50 /* Build configuration list for PBXNativeTarget "BTC Widget" */ = {
			isa = XCConfigurationList;
			buildConfigurations = (
				6E6068FD1EDC25B30069FF50 /* Debug */,
				6E6068FE1EDC25B30069FF50 /* Release */,
			);
			defaultConfigurationIsVisible = 0;
			defaultConfigurationName = Release;
		};
		6E82FAB81EE6B7920045FB7A /* Build configuration list for PBXNativeTarget "BitcoinContentExtension" */ = {
			isa = XCConfigurationList;
			buildConfigurations = (
				6E82FAB91EE6B7920045FB7A /* Debug */,
				6E82FABA1EE6B7920045FB7A /* Release */,
			);
			defaultConfigurationIsVisible = 0;
			defaultConfigurationName = Release;
		};
		6E8847AA1EDEC0E8001CC971 /* Build configuration list for PBXNativeTarget "ETH Widget" */ = {
			isa = XCConfigurationList;
			buildConfigurations = (
				6E8847AB1EDEC0E8001CC971 /* Debug */,
				6E8847AC1EDEC0E8001CC971 /* Release */,
			);
			defaultConfigurationIsVisible = 0;
			defaultConfigurationName = Release;
		};
/* End XCConfigurationList section */
	};
	rootObject = 07DA615A1965E33100E97CC3 /* Project object */;
}
