// !$*UTF8*$!
{
	archiveVersion = 1;
	classes = {
	};
	objectVersion = 46;
	objects = {

/* Begin PBXBuildFile section */
		07DA61681965E33100E97CC3 /* AppDelegate.swift in Sources */ = {isa = PBXBuildFile; fileRef = 07DA61671965E33100E97CC3 /* AppDelegate.swift */; };
		07DA616A1965E33100E97CC3 /* ViewController.swift in Sources */ = {isa = PBXBuildFile; fileRef = 07DA61691965E33100E97CC3 /* ViewController.swift */; };
		07DA616D1965E33100E97CC3 /* Main.storyboard in Resources */ = {isa = PBXBuildFile; fileRef = 07DA616B1965E33100E97CC3 /* Main.storyboard */; };
		07DA616F1965E33100E97CC3 /* Images.xcassets in Resources */ = {isa = PBXBuildFile; fileRef = 07DA616E1965E33100E97CC3 /* Images.xcassets */; };
		07DA618E1965E3A600E97CC3 /* CryptoCurrencyKit.h in Headers */ = {isa = PBXBuildFile; fileRef = 07DA618D1965E3A600E97CC3 /* CryptoCurrencyKit.h */; settings = {ATTRIBUTES = (Public, ); }; };
		07DA619E1965E3A600E97CC3 /* CryptoCurrencyKit.framework in Frameworks */ = {isa = PBXBuildFile; fileRef = 07DA61891965E3A600E97CC3 /* CryptoCurrencyKit.framework */; };
		07DA619F1965E3A600E97CC3 /* CryptoCurrencyKit.framework in Embed Frameworks */ = {isa = PBXBuildFile; fileRef = 07DA61891965E3A600E97CC3 /* CryptoCurrencyKit.framework */; settings = {ATTRIBUTES = (CodeSignOnCopy, ); }; };
		4C41798F1E1ADDA400D2D78A /* LaunchScreen.storyboard in Resources */ = {isa = PBXBuildFile; fileRef = 4C41798E1E1ADDA400D2D78A /* LaunchScreen.storyboard */; };
		6E6068F11EDC25B30069FF50 /* NotificationCenter.framework in Frameworks */ = {isa = PBXBuildFile; fileRef = 8331C02C19677E9000FBA23E /* NotificationCenter.framework */; };
		6E6068F41EDC25B30069FF50 /* TodayViewController.swift in Sources */ = {isa = PBXBuildFile; fileRef = 6E6068F31EDC25B30069FF50 /* TodayViewController.swift */; };
		6E6068F71EDC25B30069FF50 /* MainInterface.storyboard in Resources */ = {isa = PBXBuildFile; fileRef = 6E6068F51EDC25B30069FF50 /* MainInterface.storyboard */; };
		6E6068FB1EDC25B30069FF50 /* BTC Widget.appex in Embed App Extensions */ = {isa = PBXBuildFile; fileRef = 6E6068F01EDC25B30069FF50 /* BTC Widget.appex */; settings = {ATTRIBUTES = (RemoveHeadersOnCopy, ); }; };
		6E6068FF1EDC25BE0069FF50 /* CryptoCurrencyKit.framework in Frameworks */ = {isa = PBXBuildFile; fileRef = 07DA61891965E3A600E97CC3 /* CryptoCurrencyKit.framework */; };
		6E6069001EDC768F0069FF50 /* Images.xcassets in Resources */ = {isa = PBXBuildFile; fileRef = 07DA616E1965E33100E97CC3 /* Images.xcassets */; };
		6E6069021EDC8D2D0069FF50 /* HomeViewController.swift in Sources */ = {isa = PBXBuildFile; fileRef = 6E6069011EDC8D2D0069FF50 /* HomeViewController.swift */; };
		6E60690C1EDC8E190069FF50 /* BitcoinCoordinator.swift in Sources */ = {isa = PBXBuildFile; fileRef = 6E6069051EDC8E190069FF50 /* BitcoinCoordinator.swift */; };
		6E60690D1EDC8E190069FF50 /* BitcoinInteractor.swift in Sources */ = {isa = PBXBuildFile; fileRef = 6E6069061EDC8E190069FF50 /* BitcoinInteractor.swift */; };
		6E60690E1EDC8E190069FF50 /* BitcoinModels.swift in Sources */ = {isa = PBXBuildFile; fileRef = 6E6069071EDC8E190069FF50 /* BitcoinModels.swift */; };
		6E60690F1EDC8E190069FF50 /* BitcoinPresenter.swift in Sources */ = {isa = PBXBuildFile; fileRef = 6E6069081EDC8E190069FF50 /* BitcoinPresenter.swift */; };
		6E6069101EDC8E190069FF50 /* BitcoinProtocols.swift in Sources */ = {isa = PBXBuildFile; fileRef = 6E6069091EDC8E190069FF50 /* BitcoinProtocols.swift */; };
		6E6069111EDC8E190069FF50 /* BitcoinViewController.swift in Sources */ = {isa = PBXBuildFile; fileRef = 6E60690A1EDC8E190069FF50 /* BitcoinViewController.swift */; };
		6E6069121EDC8E190069FF50 /* BitcoinViewController.xib in Resources */ = {isa = PBXBuildFile; fileRef = 6E60690B1EDC8E190069FF50 /* BitcoinViewController.xib */; };
		6E88476C1EDC951A001CC971 /* Alamofire.framework in Frameworks */ = {isa = PBXBuildFile; fileRef = 6E88476B1EDC951A001CC971 /* Alamofire.framework */; };
		6E88476E1EDC951C001CC971 /* Cashier.framework in Frameworks */ = {isa = PBXBuildFile; fileRef = 6E88476D1EDC951C001CC971 /* Cashier.framework */; };
		6E8847701EDC9520001CC971 /* Serpent.framework in Frameworks */ = {isa = PBXBuildFile; fileRef = 6E88476F1EDC9520001CC971 /* Serpent.framework */; };
		6E8847721EDC96CB001CC971 /* Alamofire.framework in Frameworks */ = {isa = PBXBuildFile; fileRef = 6E88476B1EDC951A001CC971 /* Alamofire.framework */; };
		6E8847731EDC96CE001CC971 /* Cashier.framework in Frameworks */ = {isa = PBXBuildFile; fileRef = 6E88476D1EDC951C001CC971 /* Cashier.framework */; };
		6E8847741EDC96D3001CC971 /* Serpent.framework in Frameworks */ = {isa = PBXBuildFile; fileRef = 6E88476F1EDC9520001CC971 /* Serpent.framework */; };
		6E8847781EDCA1F6001CC971 /* Coordinator.swift in Sources */ = {isa = PBXBuildFile; fileRef = 6E8847771EDCA1F6001CC971 /* Coordinator.swift */; };
		6E88477A1EDCA209001CC971 /* AppCoordinator.swift in Sources */ = {isa = PBXBuildFile; fileRef = 6E8847791EDCA209001CC971 /* AppCoordinator.swift */; };
		6E88477C1EDD63AD001CC971 /* CryptoCurrencies.swift in Sources */ = {isa = PBXBuildFile; fileRef = 6E88477B1EDD63AD001CC971 /* CryptoCurrencies.swift */; };
		831B736E198E02CC006A5A5A /* CurrencyDataViewController.swift in Sources */ = {isa = PBXBuildFile; fileRef = 831B736D198E02CC006A5A5A /* CurrencyDataViewController.swift */; };
		8331BFF919671DD400FBA23E /* JBLineChartView.m in Sources */ = {isa = PBXBuildFile; fileRef = 8331BFF319671DD400FBA23E /* JBLineChartView.m */; };
		8331BFFA19671DD400FBA23E /* JBLineChartView.h in Headers */ = {isa = PBXBuildFile; fileRef = 8331BFF419671DD400FBA23E /* JBLineChartView.h */; settings = {ATTRIBUTES = (Public, ); }; };
		8331BFFB19671DD400FBA23E /* JBChartView.m in Sources */ = {isa = PBXBuildFile; fileRef = 8331BFF519671DD400FBA23E /* JBChartView.m */; };
		8331BFFC19671DD400FBA23E /* JBChartView.h in Headers */ = {isa = PBXBuildFile; fileRef = 8331BFF619671DD400FBA23E /* JBChartView.h */; settings = {ATTRIBUTES = (Public, ); }; };
		8331BFFD19671DD400FBA23E /* JBBarChartView.m in Sources */ = {isa = PBXBuildFile; fileRef = 8331BFF719671DD400FBA23E /* JBBarChartView.m */; };
		8331BFFE19671DD400FBA23E /* JBBarChartView.h in Headers */ = {isa = PBXBuildFile; fileRef = 8331BFF819671DD400FBA23E /* JBBarChartView.h */; settings = {ATTRIBUTES = (Public, ); }; };
		83E8FF9C196657C1005F928D /* BitCoinPrice.swift in Sources */ = {isa = PBXBuildFile; fileRef = 83E8FF97196657C1005F928D /* BitCoinPrice.swift */; };
		83E8FF9D196657C1005F928D /* BitCoinService.swift in Sources */ = {isa = PBXBuildFile; fileRef = 83E8FF98196657C1005F928D /* BitCoinService.swift */; };
		83E8FF9E196657C1005F928D /* BitCoinStats.swift in Sources */ = {isa = PBXBuildFile; fileRef = 83E8FF99196657C1005F928D /* BitCoinStats.swift */; };
		83E8FFA0196657C1005F928D /* SwiftyJSON.swift in Sources */ = {isa = PBXBuildFile; fileRef = 83E8FF9B196657C1005F928D /* SwiftyJSON.swift */; };
/* End PBXBuildFile section */

/* Begin PBXContainerItemProxy section */
		07DA619C1965E3A600E97CC3 /* PBXContainerItemProxy */ = {
			isa = PBXContainerItemProxy;
			containerPortal = 07DA615A1965E33100E97CC3 /* Project object */;
			proxyType = 1;
			remoteGlobalIDString = 07DA61881965E3A600E97CC3;
			remoteInfo = CryptoCurrencyKit;
		};
		07DA61A01965E3A600E97CC3 /* PBXContainerItemProxy */ = {
			isa = PBXContainerItemProxy;
			containerPortal = 07DA615A1965E33100E97CC3 /* Project object */;
			proxyType = 1;
			remoteGlobalIDString = 07DA61881965E3A600E97CC3;
			remoteInfo = CryptoCurrencyKit;
		};
		6E6068F91EDC25B30069FF50 /* PBXContainerItemProxy */ = {
			isa = PBXContainerItemProxy;
			containerPortal = 07DA615A1965E33100E97CC3 /* Project object */;
			proxyType = 1;
			remoteGlobalIDString = 6E6068EF1EDC25B30069FF50;
			remoteInfo = "BTC Widget";
		};
/* End PBXContainerItemProxy section */

/* Begin PBXCopyFilesBuildPhase section */
		07DA61A71965E3A600E97CC3 /* Embed Frameworks */ = {
			isa = PBXCopyFilesBuildPhase;
			buildActionMask = 2147483647;
			dstPath = "";
			dstSubfolderSpec = 10;
			files = (
				07DA619F1965E3A600E97CC3 /* CryptoCurrencyKit.framework in Embed Frameworks */,
			);
			name = "Embed Frameworks";
			runOnlyForDeploymentPostprocessing = 0;
		};
		8331C03D19677E9000FBA23E /* Embed App Extensions */ = {
			isa = PBXCopyFilesBuildPhase;
			buildActionMask = 2147483647;
			dstPath = "";
			dstSubfolderSpec = 13;
			files = (
				6E6068FB1EDC25B30069FF50 /* BTC Widget.appex in Embed App Extensions */,
			);
			name = "Embed App Extensions";
			runOnlyForDeploymentPostprocessing = 0;
		};
/* End PBXCopyFilesBuildPhase section */

/* Begin PBXFileReference section */
		07DA61621965E33100E97CC3 /* CryptoNiteIO.app */ = {isa = PBXFileReference; explicitFileType = wrapper.application; includeInIndex = 0; path = CryptoNiteIO.app; sourceTree = BUILT_PRODUCTS_DIR; };
		07DA61661965E33100E97CC3 /* Info.plist */ = {isa = PBXFileReference; lastKnownFileType = text.plist.xml; path = Info.plist; sourceTree = "<group>"; };
		07DA61671965E33100E97CC3 /* AppDelegate.swift */ = {isa = PBXFileReference; lastKnownFileType = sourcecode.swift; path = AppDelegate.swift; sourceTree = "<group>"; };
		07DA61691965E33100E97CC3 /* ViewController.swift */ = {isa = PBXFileReference; lastKnownFileType = sourcecode.swift; path = ViewController.swift; sourceTree = "<group>"; };
		07DA616C1965E33100E97CC3 /* Base */ = {isa = PBXFileReference; lastKnownFileType = file.storyboard; name = Base; path = Base.lproj/Main.storyboard; sourceTree = "<group>"; };
		07DA616E1965E33100E97CC3 /* Images.xcassets */ = {isa = PBXFileReference; lastKnownFileType = folder.assetcatalog; path = Images.xcassets; sourceTree = "<group>"; };
		07DA61891965E3A600E97CC3 /* CryptoCurrencyKit.framework */ = {isa = PBXFileReference; explicitFileType = wrapper.framework; includeInIndex = 0; path = CryptoCurrencyKit.framework; sourceTree = BUILT_PRODUCTS_DIR; };
		07DA618C1965E3A600E97CC3 /* Info.plist */ = {isa = PBXFileReference; lastKnownFileType = text.plist.xml; path = Info.plist; sourceTree = "<group>"; };
		07DA618D1965E3A600E97CC3 /* CryptoCurrencyKit.h */ = {isa = PBXFileReference; lastKnownFileType = sourcecode.c.h; path = CryptoCurrencyKit.h; sourceTree = "<group>"; };
		4C41798E1E1ADDA400D2D78A /* LaunchScreen.storyboard */ = {isa = PBXFileReference; fileEncoding = 4; lastKnownFileType = file.storyboard; path = LaunchScreen.storyboard; sourceTree = "<group>"; };
		6E6068F01EDC25B30069FF50 /* BTC Widget.appex */ = {isa = PBXFileReference; explicitFileType = "wrapper.app-extension"; includeInIndex = 0; path = "BTC Widget.appex"; sourceTree = BUILT_PRODUCTS_DIR; };
		6E6068F31EDC25B30069FF50 /* TodayViewController.swift */ = {isa = PBXFileReference; lastKnownFileType = sourcecode.swift; path = TodayViewController.swift; sourceTree = "<group>"; };
		6E6068F61EDC25B30069FF50 /* Base */ = {isa = PBXFileReference; lastKnownFileType = file.storyboard; name = Base; path = Base.lproj/MainInterface.storyboard; sourceTree = "<group>"; };
		6E6068F81EDC25B30069FF50 /* Info.plist */ = {isa = PBXFileReference; lastKnownFileType = text.plist.xml; path = Info.plist; sourceTree = "<group>"; };
		6E6069011EDC8D2D0069FF50 /* HomeViewController.swift */ = {isa = PBXFileReference; fileEncoding = 4; lastKnownFileType = sourcecode.swift; path = HomeViewController.swift; sourceTree = "<group>"; };
		6E6069051EDC8E190069FF50 /* BitcoinCoordinator.swift */ = {isa = PBXFileReference; fileEncoding = 4; lastKnownFileType = sourcecode.swift; path = BitcoinCoordinator.swift; sourceTree = "<group>"; };
		6E6069061EDC8E190069FF50 /* BitcoinInteractor.swift */ = {isa = PBXFileReference; fileEncoding = 4; lastKnownFileType = sourcecode.swift; path = BitcoinInteractor.swift; sourceTree = "<group>"; };
		6E6069071EDC8E190069FF50 /* BitcoinModels.swift */ = {isa = PBXFileReference; fileEncoding = 4; lastKnownFileType = sourcecode.swift; path = BitcoinModels.swift; sourceTree = "<group>"; };
		6E6069081EDC8E190069FF50 /* BitcoinPresenter.swift */ = {isa = PBXFileReference; fileEncoding = 4; lastKnownFileType = sourcecode.swift; path = BitcoinPresenter.swift; sourceTree = "<group>"; };
		6E6069091EDC8E190069FF50 /* BitcoinProtocols.swift */ = {isa = PBXFileReference; fileEncoding = 4; lastKnownFileType = sourcecode.swift; path = BitcoinProtocols.swift; sourceTree = "<group>"; };
		6E60690A1EDC8E190069FF50 /* BitcoinViewController.swift */ = {isa = PBXFileReference; fileEncoding = 4; lastKnownFileType = sourcecode.swift; path = BitcoinViewController.swift; sourceTree = "<group>"; };
		6E60690B1EDC8E190069FF50 /* BitcoinViewController.xib */ = {isa = PBXFileReference; fileEncoding = 4; lastKnownFileType = file.xib; path = BitcoinViewController.xib; sourceTree = "<group>"; };
		6E88476B1EDC951A001CC971 /* Alamofire.framework */ = {isa = PBXFileReference; lastKnownFileType = wrapper.framework; name = Alamofire.framework; path = Carthage/Build/iOS/Alamofire.framework; sourceTree = "<group>"; };
		6E88476D1EDC951C001CC971 /* Cashier.framework */ = {isa = PBXFileReference; lastKnownFileType = wrapper.framework; name = Cashier.framework; path = Carthage/Build/iOS/Cashier.framework; sourceTree = "<group>"; };
		6E88476F1EDC9520001CC971 /* Serpent.framework */ = {isa = PBXFileReference; lastKnownFileType = wrapper.framework; name = Serpent.framework; path = Carthage/Build/iOS/Serpent.framework; sourceTree = "<group>"; };
		6E8847771EDCA1F6001CC971 /* Coordinator.swift */ = {isa = PBXFileReference; fileEncoding = 4; lastKnownFileType = sourcecode.swift; path = Coordinator.swift; sourceTree = "<group>"; };
		6E8847791EDCA209001CC971 /* AppCoordinator.swift */ = {isa = PBXFileReference; fileEncoding = 4; lastKnownFileType = sourcecode.swift; path = AppCoordinator.swift; sourceTree = "<group>"; };
		6E88477B1EDD63AD001CC971 /* CryptoCurrencies.swift */ = {isa = PBXFileReference; fileEncoding = 4; lastKnownFileType = sourcecode.swift; path = CryptoCurrencies.swift; sourceTree = "<group>"; };
		831B736D198E02CC006A5A5A /* CurrencyDataViewController.swift */ = {isa = PBXFileReference; fileEncoding = 4; lastKnownFileType = sourcecode.swift; path = CurrencyDataViewController.swift; sourceTree = "<group>"; };
		8331BFF319671DD400FBA23E /* JBLineChartView.m */ = {isa = PBXFileReference; fileEncoding = 4; lastKnownFileType = sourcecode.c.objc; path = JBLineChartView.m; sourceTree = "<group>"; };
		8331BFF419671DD400FBA23E /* JBLineChartView.h */ = {isa = PBXFileReference; fileEncoding = 4; lastKnownFileType = sourcecode.c.h; path = JBLineChartView.h; sourceTree = "<group>"; };
		8331BFF519671DD400FBA23E /* JBChartView.m */ = {isa = PBXFileReference; fileEncoding = 4; lastKnownFileType = sourcecode.c.objc; path = JBChartView.m; sourceTree = "<group>"; };
		8331BFF619671DD400FBA23E /* JBChartView.h */ = {isa = PBXFileReference; fileEncoding = 4; lastKnownFileType = sourcecode.c.h; path = JBChartView.h; sourceTree = "<group>"; };
		8331BFF719671DD400FBA23E /* JBBarChartView.m */ = {isa = PBXFileReference; fileEncoding = 4; lastKnownFileType = sourcecode.c.objc; path = JBBarChartView.m; sourceTree = "<group>"; };
		8331BFF819671DD400FBA23E /* JBBarChartView.h */ = {isa = PBXFileReference; fileEncoding = 4; lastKnownFileType = sourcecode.c.h; path = JBBarChartView.h; sourceTree = "<group>"; };
		8331C02C19677E9000FBA23E /* NotificationCenter.framework */ = {isa = PBXFileReference; lastKnownFileType = wrapper.framework; name = NotificationCenter.framework; path = System/Library/Frameworks/NotificationCenter.framework; sourceTree = SDKROOT; };
		83E8FF97196657C1005F928D /* BitCoinPrice.swift */ = {isa = PBXFileReference; fileEncoding = 4; lastKnownFileType = sourcecode.swift; path = BitCoinPrice.swift; sourceTree = "<group>"; };
		83E8FF98196657C1005F928D /* BitCoinService.swift */ = {isa = PBXFileReference; fileEncoding = 4; lastKnownFileType = sourcecode.swift; path = BitCoinService.swift; sourceTree = "<group>"; };
		83E8FF99196657C1005F928D /* BitCoinStats.swift */ = {isa = PBXFileReference; fileEncoding = 4; lastKnownFileType = sourcecode.swift; path = BitCoinStats.swift; sourceTree = "<group>"; };
		83E8FF9B196657C1005F928D /* SwiftyJSON.swift */ = {isa = PBXFileReference; fileEncoding = 4; lastKnownFileType = sourcecode.swift; path = SwiftyJSON.swift; sourceTree = "<group>"; };
/* End PBXFileReference section */

/* Begin PBXFrameworksBuildPhase section */
		07DA615F1965E33100E97CC3 /* Frameworks */ = {
			isa = PBXFrameworksBuildPhase;
			buildActionMask = 2147483647;
			files = (
				07DA619E1965E3A600E97CC3 /* CryptoCurrencyKit.framework in Frameworks */,
				6E8847721EDC96CB001CC971 /* Alamofire.framework in Frameworks */,
				6E8847741EDC96D3001CC971 /* Serpent.framework in Frameworks */,
				6E8847731EDC96CE001CC971 /* Cashier.framework in Frameworks */,
			);
			runOnlyForDeploymentPostprocessing = 0;
		};
		07DA61851965E3A600E97CC3 /* Frameworks */ = {
			isa = PBXFrameworksBuildPhase;
			buildActionMask = 2147483647;
			files = (
			);
			runOnlyForDeploymentPostprocessing = 0;
		};
		6E6068ED1EDC25B30069FF50 /* Frameworks */ = {
			isa = PBXFrameworksBuildPhase;
			buildActionMask = 2147483647;
			files = (
				6E8847701EDC9520001CC971 /* Serpent.framework in Frameworks */,
				6E88476E1EDC951C001CC971 /* Cashier.framework in Frameworks */,
				6E88476C1EDC951A001CC971 /* Alamofire.framework in Frameworks */,
				6E6068FF1EDC25BE0069FF50 /* CryptoCurrencyKit.framework in Frameworks */,
				6E6068F11EDC25B30069FF50 /* NotificationCenter.framework in Frameworks */,
			);
			runOnlyForDeploymentPostprocessing = 0;
		};
/* End PBXFrameworksBuildPhase section */

/* Begin PBXGroup section */
		07DA61591965E33100E97CC3 = {
			isa = PBXGroup;
			children = (
				07DA61641965E33100E97CC3 /* Crypticker */,
				07DA618A1965E3A600E97CC3 /* CryptoCurrencyKit */,
				6E6068F21EDC25B30069FF50 /* BTC Widget */,
				8331C02B19677E9000FBA23E /* Frameworks */,
				07DA61631965E33100E97CC3 /* Products */,
			);
			sourceTree = "<group>";
		};
		07DA61631965E33100E97CC3 /* Products */ = {
			isa = PBXGroup;
			children = (
				07DA61621965E33100E97CC3 /* CryptoNiteIO.app */,
				07DA61891965E3A600E97CC3 /* CryptoCurrencyKit.framework */,
				6E6068F01EDC25B30069FF50 /* BTC Widget.appex */,
			);
			name = Products;
			sourceTree = "<group>";
		};
		07DA61641965E33100E97CC3 /* Crypticker */ = {
			isa = PBXGroup;
			children = (
				6E8847761EDCA19B001CC971 /* Support */,
				6E6069031EDC8DD80069FF50 /* Scenes */,
				07DA61671965E33100E97CC3 /* AppDelegate.swift */,
				07DA61691965E33100E97CC3 /* ViewController.swift */,
				07DA616B1965E33100E97CC3 /* Main.storyboard */,
				4C41798E1E1ADDA400D2D78A /* LaunchScreen.storyboard */,
				07DA616E1965E33100E97CC3 /* Images.xcassets */,
				07DA61651965E33100E97CC3 /* Supporting files */,
				6E6069011EDC8D2D0069FF50 /* HomeViewController.swift */,
			);
			path = Crypticker;
			sourceTree = "<group>";
		};
		07DA61651965E33100E97CC3 /* Supporting files */ = {
			isa = PBXGroup;
			children = (
				07DA61661965E33100E97CC3 /* Info.plist */,
			);
			name = "Supporting files";
			sourceTree = "<group>";
		};
		07DA618A1965E3A600E97CC3 /* CryptoCurrencyKit */ = {
			isa = PBXGroup;
			children = (
				83E8FF97196657C1005F928D /* BitCoinPrice.swift */,
				83E8FF98196657C1005F928D /* BitCoinService.swift */,
				83E8FF99196657C1005F928D /* BitCoinStats.swift */,
				831B736D198E02CC006A5A5A /* CurrencyDataViewController.swift */,
				07DA618D1965E3A600E97CC3 /* CryptoCurrencyKit.h */,
				07DA618B1965E3A600E97CC3 /* Supporting Files */,
				83E8FFA2196657CA005F928D /* Third Party */,
			);
			path = CryptoCurrencyKit;
			sourceTree = "<group>";
		};
		07DA618B1965E3A600E97CC3 /* Supporting Files */ = {
			isa = PBXGroup;
			children = (
				07DA618C1965E3A600E97CC3 /* Info.plist */,
			);
			name = "Supporting Files";
			sourceTree = "<group>";
		};
		6E6068F21EDC25B30069FF50 /* BTC Widget */ = {
			isa = PBXGroup;
			children = (
				6E6068F31EDC25B30069FF50 /* TodayViewController.swift */,
				6E6068F51EDC25B30069FF50 /* MainInterface.storyboard */,
				6E6068F81EDC25B30069FF50 /* Info.plist */,
			);
			path = "BTC Widget";
			sourceTree = "<group>";
		};
		6E6069031EDC8DD80069FF50 /* Scenes */ = {
			isa = PBXGroup;
			children = (
				6E6069041EDC8DE10069FF50 /* Bitcoin */,
			);
			name = Scenes;
			sourceTree = "<group>";
		};
		6E6069041EDC8DE10069FF50 /* Bitcoin */ = {
			isa = PBXGroup;
			children = (
				6E6069051EDC8E190069FF50 /* BitcoinCoordinator.swift */,
				6E6069061EDC8E190069FF50 /* BitcoinInteractor.swift */,
				6E6069071EDC8E190069FF50 /* BitcoinModels.swift */,
				6E6069081EDC8E190069FF50 /* BitcoinPresenter.swift */,
				6E6069091EDC8E190069FF50 /* BitcoinProtocols.swift */,
				6E60690A1EDC8E190069FF50 /* BitcoinViewController.swift */,
				6E60690B1EDC8E190069FF50 /* BitcoinViewController.xib */,
			);
			name = Bitcoin;
			sourceTree = "<group>";
		};
		6E8847761EDCA19B001CC971 /* Support */ = {
			isa = PBXGroup;
			children = (
				6E8847771EDCA1F6001CC971 /* Coordinator.swift */,
				6E8847791EDCA209001CC971 /* AppCoordinator.swift */,
				6E88477B1EDD63AD001CC971 /* CryptoCurrencies.swift */,
			);
			name = Support;
			sourceTree = "<group>";
		};
		8331BFF219671DBE00FBA23E /* JBChartView */ = {
			isa = PBXGroup;
			children = (
				8331BFF319671DD400FBA23E /* JBLineChartView.m */,
				8331BFF419671DD400FBA23E /* JBLineChartView.h */,
				8331BFF519671DD400FBA23E /* JBChartView.m */,
				8331BFF619671DD400FBA23E /* JBChartView.h */,
				8331BFF719671DD400FBA23E /* JBBarChartView.m */,
				8331BFF819671DD400FBA23E /* JBBarChartView.h */,
			);
			name = JBChartView;
			sourceTree = "<group>";
		};
		8331C02B19677E9000FBA23E /* Frameworks */ = {
			isa = PBXGroup;
			children = (
				6E88476F1EDC9520001CC971 /* Serpent.framework */,
				6E88476D1EDC951C001CC971 /* Cashier.framework */,
				6E88476B1EDC951A001CC971 /* Alamofire.framework */,
				8331C02C19677E9000FBA23E /* NotificationCenter.framework */,
			);
			name = Frameworks;
			sourceTree = "<group>";
		};
		83E8FFA2196657CA005F928D /* Third Party */ = {
			isa = PBXGroup;
			children = (
				8331BFF219671DBE00FBA23E /* JBChartView */,
				83E8FF9B196657C1005F928D /* SwiftyJSON.swift */,
			);
			name = "Third Party";
			sourceTree = "<group>";
		};
/* End PBXGroup section */

/* Begin PBXHeadersBuildPhase section */
		07DA61861965E3A600E97CC3 /* Headers */ = {
			isa = PBXHeadersBuildPhase;
			buildActionMask = 2147483647;
			files = (
				8331BFFE19671DD400FBA23E /* JBBarChartView.h in Headers */,
				8331BFFA19671DD400FBA23E /* JBLineChartView.h in Headers */,
				8331BFFC19671DD400FBA23E /* JBChartView.h in Headers */,
				07DA618E1965E3A600E97CC3 /* CryptoCurrencyKit.h in Headers */,
			);
			runOnlyForDeploymentPostprocessing = 0;
		};
/* End PBXHeadersBuildPhase section */

/* Begin PBXNativeTarget section */
		07DA61611965E33100E97CC3 /* CryptoNiteIO */ = {
			isa = PBXNativeTarget;
			buildConfigurationList = 07DA617E1965E33100E97CC3 /* Build configuration list for PBXNativeTarget "CryptoNiteIO" */;
			buildPhases = (
				07DA615E1965E33100E97CC3 /* Sources */,
				07DA615F1965E33100E97CC3 /* Frameworks */,
				07DA61601965E33100E97CC3 /* Resources */,
				07DA61A71965E3A600E97CC3 /* Embed Frameworks */,
				8331C03D19677E9000FBA23E /* Embed App Extensions */,
				6E8847751EDC96DA001CC971 /* ShellScript */,
			);
			buildRules = (
			);
			dependencies = (
				07DA619D1965E3A600E97CC3 /* PBXTargetDependency */,
				07DA61A11965E3A600E97CC3 /* PBXTargetDependency */,
				6E6068FA1EDC25B30069FF50 /* PBXTargetDependency */,
			);
			name = CryptoNiteIO;
			productName = Crypticker;
			productReference = 07DA61621965E33100E97CC3 /* CryptoNiteIO.app */;
			productType = "com.apple.product-type.application";
		};
		07DA61881965E3A600E97CC3 /* CryptoCurrencyKit */ = {
			isa = PBXNativeTarget;
			buildConfigurationList = 07DA61A61965E3A600E97CC3 /* Build configuration list for PBXNativeTarget "CryptoCurrencyKit" */;
			buildPhases = (
				07DA61841965E3A600E97CC3 /* Sources */,
				07DA61851965E3A600E97CC3 /* Frameworks */,
				07DA61861965E3A600E97CC3 /* Headers */,
				07DA61871965E3A600E97CC3 /* Resources */,
			);
			buildRules = (
			);
			dependencies = (
			);
			name = CryptoCurrencyKit;
			productName = CryptoCurrencyKit;
			productReference = 07DA61891965E3A600E97CC3 /* CryptoCurrencyKit.framework */;
			productType = "com.apple.product-type.framework";
		};
		6E6068EF1EDC25B30069FF50 /* BTC Widget */ = {
			isa = PBXNativeTarget;
			buildConfigurationList = 6E6068FC1EDC25B30069FF50 /* Build configuration list for PBXNativeTarget "BTC Widget" */;
			buildPhases = (
				6E6068EC1EDC25B30069FF50 /* Sources */,
				6E6068ED1EDC25B30069FF50 /* Frameworks */,
				6E6068EE1EDC25B30069FF50 /* Resources */,
				6E8847711EDC9542001CC971 /* ShellScript */,
			);
			buildRules = (
			);
			dependencies = (
			);
			name = "BTC Widget";
			productName = "BTC Widget";
			productReference = 6E6068F01EDC25B30069FF50 /* BTC Widget.appex */;
			productType = "com.apple.product-type.app-extension";
		};
/* End PBXNativeTarget section */

/* Begin PBXProject section */
		07DA615A1965E33100E97CC3 /* Project object */ = {
			isa = PBXProject;
			attributes = {
				LastSwiftUpdateCheck = 0830;
				LastUpgradeCheck = 0820;
				ORGANIZATIONNAME = LogicAppSourceIO;
				TargetAttributes = {
					07DA61611965E33100E97CC3 = {
						CreatedOnToolsVersion = 6.0;
						DevelopmentTeam = JWZKK84V7N;
						LastSwiftMigration = 0820;
					};
					07DA61881965E3A600E97CC3 = {
						CreatedOnToolsVersion = 6.0;
						LastSwiftMigration = 0820;
					};
					6E6068EF1EDC25B30069FF50 = {
						CreatedOnToolsVersion = 8.3.2;
						DevelopmentTeam = JWZKK84V7N;
						ProvisioningStyle = Automatic;
					};
				};
			};
			buildConfigurationList = 07DA615D1965E33100E97CC3 /* Build configuration list for PBXProject "CryptoNiteIO" */;
			compatibilityVersion = "Xcode 3.2";
			developmentRegion = English;
			hasScannedForEncodings = 0;
			knownRegions = (
				en,
				Base,
			);
			mainGroup = 07DA61591965E33100E97CC3;
			productRefGroup = 07DA61631965E33100E97CC3 /* Products */;
			projectDirPath = "";
			projectRoot = "";
			targets = (
				07DA61611965E33100E97CC3 /* CryptoNiteIO */,
				07DA61881965E3A600E97CC3 /* CryptoCurrencyKit */,
				6E6068EF1EDC25B30069FF50 /* BTC Widget */,
			);
		};
/* End PBXProject section */

/* Begin PBXResourcesBuildPhase section */
		07DA61601965E33100E97CC3 /* Resources */ = {
			isa = PBXResourcesBuildPhase;
			buildActionMask = 2147483647;
			files = (
				4C41798F1E1ADDA400D2D78A /* LaunchScreen.storyboard in Resources */,
				6E6069121EDC8E190069FF50 /* BitcoinViewController.xib in Resources */,
				07DA616D1965E33100E97CC3 /* Main.storyboard in Resources */,
				07DA616F1965E33100E97CC3 /* Images.xcassets in Resources */,
			);
			runOnlyForDeploymentPostprocessing = 0;
		};
		07DA61871965E3A600E97CC3 /* Resources */ = {
			isa = PBXResourcesBuildPhase;
			buildActionMask = 2147483647;
			files = (
			);
			runOnlyForDeploymentPostprocessing = 0;
		};
		6E6068EE1EDC25B30069FF50 /* Resources */ = {
			isa = PBXResourcesBuildPhase;
			buildActionMask = 2147483647;
			files = (
				6E6068F71EDC25B30069FF50 /* MainInterface.storyboard in Resources */,
				6E6069001EDC768F0069FF50 /* Images.xcassets in Resources */,
			);
			runOnlyForDeploymentPostprocessing = 0;
		};
/* End PBXResourcesBuildPhase section */

/* Begin PBXShellScriptBuildPhase section */
		6E8847711EDC9542001CC971 /* ShellScript */ = {
			isa = PBXShellScriptBuildPhase;
			buildActionMask = 2147483647;
			files = (
			);
			inputPaths = (
				"$(SRCROOT)/Carthage/Build/iOS/Serpent.framework",
				"$(SRCROOT)/Carthage/Build/iOS/Alamofire.framework",
				"$(SRCROOT)/Carthage/Build/iOS/Cashier.framework",
			);
			outputPaths = (
			);
			runOnlyForDeploymentPostprocessing = 0;
			shellPath = /bin/sh;
			shellScript = "/usr/local/bin/carthage copy-frameworks";
		};
		6E8847751EDC96DA001CC971 /* ShellScript */ = {
			isa = PBXShellScriptBuildPhase;
			buildActionMask = 2147483647;
			files = (
			);
			inputPaths = (
				"$(SRCROOT)/Carthage/Build/iOS/Serpent.framework",
				"$(SRCROOT)/Carthage/Build/iOS/Alamofire.framework",
				"$(SRCROOT)/Carthage/Build/iOS/Cashier.framework",
			);
			outputPaths = (
			);
			runOnlyForDeploymentPostprocessing = 0;
			shellPath = /bin/sh;
			shellScript = "/usr/local/bin/carthage copy-frameworks";
		};
/* End PBXShellScriptBuildPhase section */

/* Begin PBXSourcesBuildPhase section */
		07DA615E1965E33100E97CC3 /* Sources */ = {
			isa = PBXSourcesBuildPhase;
			buildActionMask = 2147483647;
			files = (
				6E88477A1EDCA209001CC971 /* AppCoordinator.swift in Sources */,
				6E88477C1EDD63AD001CC971 /* CryptoCurrencies.swift in Sources */,
				6E60690F1EDC8E190069FF50 /* BitcoinPresenter.swift in Sources */,
				6E60690D1EDC8E190069FF50 /* BitcoinInteractor.swift in Sources */,
				6E8847781EDCA1F6001CC971 /* Coordinator.swift in Sources */,
				07DA616A1965E33100E97CC3 /* ViewController.swift in Sources */,
				07DA61681965E33100E97CC3 /* AppDelegate.swift in Sources */,
				6E6069111EDC8E190069FF50 /* BitcoinViewController.swift in Sources */,
				6E6069021EDC8D2D0069FF50 /* HomeViewController.swift in Sources */,
				6E60690E1EDC8E190069FF50 /* BitcoinModels.swift in Sources */,
				6E6069101EDC8E190069FF50 /* BitcoinProtocols.swift in Sources */,
				6E60690C1EDC8E190069FF50 /* BitcoinCoordinator.swift in Sources */,
			);
			runOnlyForDeploymentPostprocessing = 0;
		};
		07DA61841965E3A600E97CC3 /* Sources */ = {
			isa = PBXSourcesBuildPhase;
			buildActionMask = 2147483647;
			files = (
				831B736E198E02CC006A5A5A /* CurrencyDataViewController.swift in Sources */,
				83E8FF9E196657C1005F928D /* BitCoinStats.swift in Sources */,
				8331BFFD19671DD400FBA23E /* JBBarChartView.m in Sources */,
				8331BFF919671DD400FBA23E /* JBLineChartView.m in Sources */,
				83E8FF9D196657C1005F928D /* BitCoinService.swift in Sources */,
				8331BFFB19671DD400FBA23E /* JBChartView.m in Sources */,
				83E8FFA0196657C1005F928D /* SwiftyJSON.swift in Sources */,
				83E8FF9C196657C1005F928D /* BitCoinPrice.swift in Sources */,
			);
			runOnlyForDeploymentPostprocessing = 0;
		};
		6E6068EC1EDC25B30069FF50 /* Sources */ = {
			isa = PBXSourcesBuildPhase;
			buildActionMask = 2147483647;
			files = (
				6E6068F41EDC25B30069FF50 /* TodayViewController.swift in Sources */,
			);
			runOnlyForDeploymentPostprocessing = 0;
		};
/* End PBXSourcesBuildPhase section */

/* Begin PBXTargetDependency section */
		07DA619D1965E3A600E97CC3 /* PBXTargetDependency */ = {
			isa = PBXTargetDependency;
			target = 07DA61881965E3A600E97CC3 /* CryptoCurrencyKit */;
			targetProxy = 07DA619C1965E3A600E97CC3 /* PBXContainerItemProxy */;
		};
		07DA61A11965E3A600E97CC3 /* PBXTargetDependency */ = {
			isa = PBXTargetDependency;
			target = 07DA61881965E3A600E97CC3 /* CryptoCurrencyKit */;
			targetProxy = 07DA61A01965E3A600E97CC3 /* PBXContainerItemProxy */;
		};
		6E6068FA1EDC25B30069FF50 /* PBXTargetDependency */ = {
			isa = PBXTargetDependency;
			target = 6E6068EF1EDC25B30069FF50 /* BTC Widget */;
			targetProxy = 6E6068F91EDC25B30069FF50 /* PBXContainerItemProxy */;
		};
/* End PBXTargetDependency section */

/* Begin PBXVariantGroup section */
		07DA616B1965E33100E97CC3 /* Main.storyboard */ = {
			isa = PBXVariantGroup;
			children = (
				07DA616C1965E33100E97CC3 /* Base */,
			);
			name = Main.storyboard;
			sourceTree = "<group>";
		};
		6E6068F51EDC25B30069FF50 /* MainInterface.storyboard */ = {
			isa = PBXVariantGroup;
			children = (
				6E6068F61EDC25B30069FF50 /* Base */,
			);
			name = MainInterface.storyboard;
			sourceTree = "<group>";
		};
/* End PBXVariantGroup section */

/* Begin XCBuildConfiguration section */
		07DA617C1965E33100E97CC3 /* Debug */ = {
			isa = XCBuildConfiguration;
			buildSettings = {
				ALWAYS_SEARCH_USER_PATHS = NO;
				CLANG_CXX_LANGUAGE_STANDARD = "gnu++0x";
				CLANG_CXX_LIBRARY = "libc++";
				CLANG_ENABLE_MODULES = YES;
				CLANG_ENABLE_OBJC_ARC = YES;
				CLANG_WARN_BOOL_CONVERSION = YES;
				CLANG_WARN_CONSTANT_CONVERSION = YES;
				CLANG_WARN_DIRECT_OBJC_ISA_USAGE = YES_ERROR;
				CLANG_WARN_EMPTY_BODY = YES;
				CLANG_WARN_ENUM_CONVERSION = YES;
				CLANG_WARN_INFINITE_RECURSION = YES;
				CLANG_WARN_INT_CONVERSION = YES;
				CLANG_WARN_OBJC_ROOT_CLASS = YES_ERROR;
				CLANG_WARN_SUSPICIOUS_MOVE = YES;
				CLANG_WARN_UNREACHABLE_CODE = YES;
				CLANG_WARN__DUPLICATE_METHOD_MATCH = YES;
				"CODE_SIGN_IDENTITY[sdk=iphoneos*]" = "iPhone Developer";
				COPY_PHASE_STRIP = NO;
				ENABLE_STRICT_OBJC_MSGSEND = YES;
				ENABLE_TESTABILITY = YES;
				GCC_C_LANGUAGE_STANDARD = gnu99;
				GCC_DYNAMIC_NO_PIC = NO;
				GCC_NO_COMMON_BLOCKS = YES;
				GCC_OPTIMIZATION_LEVEL = 0;
				GCC_PREPROCESSOR_DEFINITIONS = (
					"DEBUG=1",
					"$(inherited)",
				);
				GCC_SYMBOLS_PRIVATE_EXTERN = NO;
				GCC_WARN_64_TO_32_BIT_CONVERSION = YES;
				GCC_WARN_ABOUT_RETURN_TYPE = YES_ERROR;
				GCC_WARN_UNDECLARED_SELECTOR = YES;
				GCC_WARN_UNINITIALIZED_AUTOS = YES_AGGRESSIVE;
				GCC_WARN_UNUSED_FUNCTION = YES;
				GCC_WARN_UNUSED_VARIABLE = YES;
				IPHONEOS_DEPLOYMENT_TARGET = 8.0;
				METAL_ENABLE_DEBUG_INFO = YES;
				ONLY_ACTIVE_ARCH = YES;
				SDKROOT = iphoneos;
				SWIFT_OPTIMIZATION_LEVEL = "-Onone";
				TARGETED_DEVICE_FAMILY = "1,2";
			};
			name = Debug;
		};
		07DA617D1965E33100E97CC3 /* Release */ = {
			isa = XCBuildConfiguration;
			buildSettings = {
				ALWAYS_SEARCH_USER_PATHS = NO;
				CLANG_CXX_LANGUAGE_STANDARD = "gnu++0x";
				CLANG_CXX_LIBRARY = "libc++";
				CLANG_ENABLE_MODULES = YES;
				CLANG_ENABLE_OBJC_ARC = YES;
				CLANG_WARN_BOOL_CONVERSION = YES;
				CLANG_WARN_CONSTANT_CONVERSION = YES;
				CLANG_WARN_DIRECT_OBJC_ISA_USAGE = YES_ERROR;
				CLANG_WARN_EMPTY_BODY = YES;
				CLANG_WARN_ENUM_CONVERSION = YES;
				CLANG_WARN_INFINITE_RECURSION = YES;
				CLANG_WARN_INT_CONVERSION = YES;
				CLANG_WARN_OBJC_ROOT_CLASS = YES_ERROR;
				CLANG_WARN_SUSPICIOUS_MOVE = YES;
				CLANG_WARN_UNREACHABLE_CODE = YES;
				CLANG_WARN__DUPLICATE_METHOD_MATCH = YES;
				"CODE_SIGN_IDENTITY[sdk=iphoneos*]" = "iPhone Developer";
				COPY_PHASE_STRIP = YES;
				ENABLE_NS_ASSERTIONS = NO;
				ENABLE_STRICT_OBJC_MSGSEND = YES;
				GCC_C_LANGUAGE_STANDARD = gnu99;
				GCC_NO_COMMON_BLOCKS = YES;
				GCC_WARN_64_TO_32_BIT_CONVERSION = YES;
				GCC_WARN_ABOUT_RETURN_TYPE = YES_ERROR;
				GCC_WARN_UNDECLARED_SELECTOR = YES;
				GCC_WARN_UNINITIALIZED_AUTOS = YES_AGGRESSIVE;
				GCC_WARN_UNUSED_FUNCTION = YES;
				GCC_WARN_UNUSED_VARIABLE = YES;
				IPHONEOS_DEPLOYMENT_TARGET = 8.0;
				METAL_ENABLE_DEBUG_INFO = NO;
				SDKROOT = iphoneos;
				SWIFT_OPTIMIZATION_LEVEL = "-Owholemodule";
				TARGETED_DEVICE_FAMILY = "1,2";
				VALIDATE_PRODUCT = YES;
			};
			name = Release;
		};
		07DA617F1965E33100E97CC3 /* Debug */ = {
			isa = XCBuildConfiguration;
			buildSettings = {
				ALWAYS_EMBED_SWIFT_STANDARD_LIBRARIES = YES;
				ASSETCATALOG_COMPILER_APPICON_NAME = AppIcon;
				DEVELOPMENT_TEAM = JWZKK84V7N;
				FRAMEWORK_SEARCH_PATHS = (
					"$(inherited)",
					"$(PROJECT_DIR)/Carthage/Build/iOS",
				);
				INFOPLIST_FILE = Crypticker/Info.plist;
				IPHONEOS_DEPLOYMENT_TARGET = 10.0;
				LD_RUNPATH_SEARCH_PATHS = "$(inherited) @executable_path/Frameworks";
				PRODUCT_BUNDLE_IDENTIFIER = CryptoNiteIO;
				PRODUCT_NAME = "$(TARGET_NAME)";
				SWIFT_VERSION = 3.0;
			};
			name = Debug;
		};
		07DA61801965E33100E97CC3 /* Release */ = {
			isa = XCBuildConfiguration;
			buildSettings = {
				ALWAYS_EMBED_SWIFT_STANDARD_LIBRARIES = YES;
				ASSETCATALOG_COMPILER_APPICON_NAME = AppIcon;
				DEVELOPMENT_TEAM = JWZKK84V7N;
				FRAMEWORK_SEARCH_PATHS = (
					"$(inherited)",
					"$(PROJECT_DIR)/Carthage/Build/iOS",
				);
				INFOPLIST_FILE = Crypticker/Info.plist;
				IPHONEOS_DEPLOYMENT_TARGET = 10.0;
				LD_RUNPATH_SEARCH_PATHS = "$(inherited) @executable_path/Frameworks";
				PRODUCT_BUNDLE_IDENTIFIER = CryptoNiteIO;
				PRODUCT_NAME = "$(TARGET_NAME)";
				SWIFT_VERSION = 3.0;
			};
			name = Release;
		};
		07DA61A21965E3A600E97CC3 /* Debug */ = {
			isa = XCBuildConfiguration;
			buildSettings = {
				APPLICATION_EXTENSION_API_ONLY = YES;
				CLANG_ENABLE_MODULES = YES;
				"CODE_SIGN_IDENTITY[sdk=iphoneos*]" = "";
				CURRENT_PROJECT_VERSION = 1;
				DEFINES_MODULE = YES;
				DYLIB_COMPATIBILITY_VERSION = 1;
				DYLIB_CURRENT_VERSION = 1;
				DYLIB_INSTALL_NAME_BASE = "@rpath";
				GCC_PREPROCESSOR_DEFINITIONS = (
					"DEBUG=1",
					"$(inherited)",
				);
				INFOPLIST_FILE = CryptoCurrencyKit/Info.plist;
				INSTALL_PATH = "$(LOCAL_LIBRARY_DIR)/Frameworks";
				LD_RUNPATH_SEARCH_PATHS = "$(inherited) @executable_path/Frameworks @loader_path/Frameworks";
				METAL_ENABLE_DEBUG_INFO = YES;
				PRODUCT_BUNDLE_IDENTIFIER = "com.raywenderlich.swift.${PRODUCT_NAME:rfc1034identifier}";
				PRODUCT_NAME = "$(TARGET_NAME)";
				SKIP_INSTALL = YES;
				SWIFT_OPTIMIZATION_LEVEL = "-Onone";
				SWIFT_VERSION = 3.0;
				VERSIONING_SYSTEM = "apple-generic";
				VERSION_INFO_PREFIX = "";
			};
			name = Debug;
		};
		07DA61A31965E3A600E97CC3 /* Release */ = {
			isa = XCBuildConfiguration;
			buildSettings = {
				APPLICATION_EXTENSION_API_ONLY = YES;
				CLANG_ENABLE_MODULES = YES;
				"CODE_SIGN_IDENTITY[sdk=iphoneos*]" = "";
				CURRENT_PROJECT_VERSION = 1;
				DEFINES_MODULE = YES;
				DYLIB_COMPATIBILITY_VERSION = 1;
				DYLIB_CURRENT_VERSION = 1;
				DYLIB_INSTALL_NAME_BASE = "@rpath";
				INFOPLIST_FILE = CryptoCurrencyKit/Info.plist;
				INSTALL_PATH = "$(LOCAL_LIBRARY_DIR)/Frameworks";
				LD_RUNPATH_SEARCH_PATHS = "$(inherited) @executable_path/Frameworks @loader_path/Frameworks";
				METAL_ENABLE_DEBUG_INFO = NO;
				PRODUCT_BUNDLE_IDENTIFIER = "com.raywenderlich.swift.${PRODUCT_NAME:rfc1034identifier}";
				PRODUCT_NAME = "$(TARGET_NAME)";
				SKIP_INSTALL = YES;
				SWIFT_VERSION = 3.0;
				VERSIONING_SYSTEM = "apple-generic";
				VERSION_INFO_PREFIX = "";
			};
			name = Release;
		};
		6E6068FD1EDC25B30069FF50 /* Debug */ = {
			isa = XCBuildConfiguration;
			buildSettings = {
				CLANG_ANALYZER_NONNULL = YES;
				CLANG_ANALYZER_NUMBER_OBJECT_CONVERSION = YES_AGGRESSIVE;
				CLANG_WARN_DOCUMENTATION_COMMENTS = YES;
				DEBUG_INFORMATION_FORMAT = dwarf;
				DEVELOPMENT_TEAM = JWZKK84V7N;
				FRAMEWORK_SEARCH_PATHS = (
					"$(inherited)",
					"$(PROJECT_DIR)/Carthage/Build/iOS",
				);
				INFOPLIST_FILE = "BTC Widget/Info.plist";
				IPHONEOS_DEPLOYMENT_TARGET = 10.0;
				LD_RUNPATH_SEARCH_PATHS = "$(inherited) @executable_path/Frameworks @executable_path/../../Frameworks";
				MTL_ENABLE_DEBUG_INFO = YES;
				PRODUCT_BUNDLE_IDENTIFIER = "CryptoNiteIO.BTC-Widget";
				PRODUCT_NAME = "$(TARGET_NAME)";
				SKIP_INSTALL = YES;
				SWIFT_ACTIVE_COMPILATION_CONDITIONS = DEBUG;
				SWIFT_VERSION = 3.0;
			};
			name = Debug;
		};
		6E6068FE1EDC25B30069FF50 /* Release */ = {
			isa = XCBuildConfiguration;
			buildSettings = {
				CLANG_ANALYZER_NONNULL = YES;
				CLANG_ANALYZER_NUMBER_OBJECT_CONVERSION = YES_AGGRESSIVE;
				CLANG_WARN_DOCUMENTATION_COMMENTS = YES;
				COPY_PHASE_STRIP = NO;
				DEBUG_INFORMATION_FORMAT = "dwarf-with-dsym";
				DEVELOPMENT_TEAM = JWZKK84V7N;
				FRAMEWORK_SEARCH_PATHS = (
					"$(inherited)",
					"$(PROJECT_DIR)/Carthage/Build/iOS",
				);
				INFOPLIST_FILE = "BTC Widget/Info.plist";
				IPHONEOS_DEPLOYMENT_TARGET = 10.0;
				LD_RUNPATH_SEARCH_PATHS = "$(inherited) @executable_path/Frameworks @executable_path/../../Frameworks";
				MTL_ENABLE_DEBUG_INFO = NO;
				PRODUCT_BUNDLE_IDENTIFIER = "CryptoNiteIO.BTC-Widget";
				PRODUCT_NAME = "$(TARGET_NAME)";
				SKIP_INSTALL = YES;
				SWIFT_VERSION = 3.0;
			};
			name = Release;
		};
/* End XCBuildConfiguration section */

/* Begin XCConfigurationList section */
		07DA615D1965E33100E97CC3 /* Build configuration list for PBXProject "CryptoNiteIO" */ = {
			isa = XCConfigurationList;
			buildConfigurations = (
				07DA617C1965E33100E97CC3 /* Debug */,
				07DA617D1965E33100E97CC3 /* Release */,
			);
			defaultConfigurationIsVisible = 0;
			defaultConfigurationName = Release;
		};
		07DA617E1965E33100E97CC3 /* Build configuration list for PBXNativeTarget "CryptoNiteIO" */ = {
			isa = XCConfigurationList;
			buildConfigurations = (
				07DA617F1965E33100E97CC3 /* Debug */,
				07DA61801965E33100E97CC3 /* Release */,
			);
			defaultConfigurationIsVisible = 0;
			defaultConfigurationName = Release;
		};
		07DA61A61965E3A600E97CC3 /* Build configuration list for PBXNativeTarget "CryptoCurrencyKit" */ = {
			isa = XCConfigurationList;
			buildConfigurations = (
				07DA61A21965E3A600E97CC3 /* Debug */,
				07DA61A31965E3A600E97CC3 /* Release */,
			);
			defaultConfigurationIsVisible = 0;
			defaultConfigurationName = Release;
		};
		6E6068FC1EDC25B30069FF50 /* Build configuration list for PBXNativeTarget "BTC Widget" */ = {
			isa = XCConfigurationList;
			buildConfigurations = (
				6E6068FD1EDC25B30069FF50 /* Debug */,
				6E6068FE1EDC25B30069FF50 /* Release */,
			);
			defaultConfigurationIsVisible = 0;
			defaultConfigurationName = Release;
		};
/* End XCConfigurationList section */
	};
	rootObject = 07DA615A1965E33100E97CC3 /* Project object */;
}
